
Microsoft Visual Studio Solution File, Format Version 12.00
# Visual Studio Version 16
VisualStudioVersion = 16.0.29806.167
MinimumVisualStudioVersion = 10.0.40219.1
Project("{9A19103F-16F7-4668-BE54-9A1E7A4F7556}") = "Test", "Test\Test.csproj", "{3B56B494-5FEC-49D1-B9A8-EA0DC31282F1}"
EndProject
Project("{FAE04EC0-301F-11D3-BF4B-00C04F79EFBC}") = "DayOfWeek", "DayOfWeek\DayOfWeek.csproj", "{DE6872FB-E26E-473D-95AD-FFB5AF9E3581}"
EndProject
Project("{FAE04EC0-301F-11D3-BF4B-00C04F79EFBC}") = "AnimalType", "AnimalType\AnimalType.csproj", "{258036AA-936C-4C51-AB35-E8435A543616}"
EndProject
Project("{FAE04EC0-301F-11D3-BF4B-00C04F79EFBC}") = "PersonalTitles", "PersonalTitles\PersonalTitles.csproj", "{AC5D8F05-2297-40AD-8151-390DB5B4CF2D}"
EndProject
Project("{FAE04EC0-301F-11D3-BF4B-00C04F79EFBC}") = "SmallShop", "SmallShop\SmallShop.csproj", "{4E3A461B-2560-4171-985A-EC3C3C5CE877}"
EndProject
Project("{FAE04EC0-301F-11D3-BF4B-00C04F79EFBC}") = "NumberInRange", "NumberInRange\NumberInRange.csproj", "{ABDD4D45-F816-4914-9691-FCA77C0B220A}"
EndProject
Project("{FAE04EC0-301F-11D3-BF4B-00C04F79EFBC}") = "FruitOrVegetable", "FruitOrVegetable\FruitOrVegetable.csproj", "{9BD91347-4ECE-40D7-BF5F-E54A788AD3FE}"
EndProject
Project("{FAE04EC0-301F-11D3-BF4B-00C04F79EFBC}") = "ForV", "ForV\ForV.csproj", "{973EA2FC-BCB6-4EA4-B6EE-B72CCCD8E0BD}"
EndProject
Project("{FAE04EC0-301F-11D3-BF4B-00C04F79EFBC}") = "InvalidNumber", "InvalidNumber\InvalidNumber.csproj", "{3CBCD217-845C-4683-85D7-170FAEF5EFCA}"
EndProject
Project("{FAE04EC0-301F-11D3-BF4B-00C04F79EFBC}") = "FruitShop", "FruitShop\FruitShop.csproj", "{BAB7DF61-0926-4D12-A3A4-3B954D57B56B}"
EndProject
Project("{FAE04EC0-301F-11D3-BF4B-00C04F79EFBC}") = "TradeCommissions", "TradeCommissions\TradeCommissions.csproj", "{8EEF0537-0A82-4BFF-82DC-013E43012937}"
EndProject
Project("{FAE04EC0-301F-11D3-BF4B-00C04F79EFBC}") = "SkiTrip", "SkiTrip\SkiTrip.csproj", "{2D1BC3E8-4A99-44A0-9019-9131882C7219}"
EndProject
Global
	GlobalSection(SolutionConfigurationPlatforms) = preSolution
		Debug|Any CPU = Debug|Any CPU
		Release|Any CPU = Release|Any CPU
	EndGlobalSection
	GlobalSection(ProjectConfigurationPlatforms) = postSolution
		{3B56B494-5FEC-49D1-B9A8-EA0DC31282F1}.Debug|Any CPU.ActiveCfg = Debug|Any CPU
		{3B56B494-5FEC-49D1-B9A8-EA0DC31282F1}.Debug|Any CPU.Build.0 = Debug|Any CPU
		{3B56B494-5FEC-49D1-B9A8-EA0DC31282F1}.Release|Any CPU.ActiveCfg = Release|Any CPU
		{3B56B494-5FEC-49D1-B9A8-EA0DC31282F1}.Release|Any CPU.Build.0 = Release|Any CPU
		{DE6872FB-E26E-473D-95AD-FFB5AF9E3581}.Debug|Any CPU.ActiveCfg = Debug|Any CPU
		{DE6872FB-E26E-473D-95AD-FFB5AF9E3581}.Debug|Any CPU.Build.0 = Debug|Any CPU
		{DE6872FB-E26E-473D-95AD-FFB5AF9E3581}.Release|Any CPU.ActiveCfg = Release|Any CPU
		{DE6872FB-E26E-473D-95AD-FFB5AF9E3581}.Release|Any CPU.Build.0 = Release|Any CPU
		{258036AA-936C-4C51-AB35-E8435A543616}.Debug|Any CPU.ActiveCfg = Debug|Any CPU
		{258036AA-936C-4C51-AB35-E8435A543616}.Debug|Any CPU.Build.0 = Debug|Any CPU
		{258036AA-936C-4C51-AB35-E8435A543616}.Release|Any CPU.ActiveCfg = Release|Any CPU
		{258036AA-936C-4C51-AB35-E8435A543616}.Release|Any CPU.Build.0 = Release|Any CPU
		{AC5D8F05-2297-40AD-8151-390DB5B4CF2D}.Debug|Any CPU.ActiveCfg = Debug|Any CPU
		{AC5D8F05-2297-40AD-8151-390DB5B4CF2D}.Debug|Any CPU.Build.0 = Debug|Any CPU
		{AC5D8F05-2297-40AD-8151-390DB5B4CF2D}.Release|Any CPU.ActiveCfg = Release|Any CPU
		{AC5D8F05-2297-40AD-8151-390DB5B4CF2D}.Release|Any CPU.Build.0 = Release|Any CPU
		{4E3A461B-2560-4171-985A-EC3C3C5CE877}.Debug|Any CPU.ActiveCfg = Debug|Any CPU
		{4E3A461B-2560-4171-985A-EC3C3C5CE877}.Debug|Any CPU.Build.0 = Debug|Any CPU
		{4E3A461B-2560-4171-985A-EC3C3C5CE877}.Release|Any CPU.ActiveCfg = Release|Any CPU
		{4E3A461B-2560-4171-985A-EC3C3C5CE877}.Release|Any CPU.Build.0 = Release|Any CPU
		{ABDD4D45-F816-4914-9691-FCA77C0B220A}.Debug|Any CPU.ActiveCfg = Debug|Any CPU
		{ABDD4D45-F816-4914-9691-FCA77C0B220A}.Debug|Any CPU.Build.0 = Debug|Any CPU
		{ABDD4D45-F816-4914-9691-FCA77C0B220A}.Release|Any CPU.ActiveCfg = Release|Any CPU
		{ABDD4D45-F816-4914-9691-FCA77C0B220A}.Release|Any CPU.Build.0 = Release|Any CPU
		{9BD91347-4ECE-40D7-BF5F-E54A788AD3FE}.Debug|Any CPU.ActiveCfg = Debug|Any CPU
		{9BD91347-4ECE-40D7-BF5F-E54A788AD3FE}.Debug|Any CPU.Build.0 = Debug|Any CPU
		{9BD91347-4ECE-40D7-BF5F-E54A788AD3FE}.Release|Any CPU.ActiveCfg = Release|Any CPU
		{9BD91347-4ECE-40D7-BF5F-E54A788AD3FE}.Release|Any CPU.Build.0 = Release|Any CPU
		{973EA2FC-BCB6-4EA4-B6EE-B72CCCD8E0BD}.Debug|Any CPU.ActiveCfg = Debug|Any CPU
		{973EA2FC-BCB6-4EA4-B6EE-B72CCCD8E0BD}.Debug|Any CPU.Build.0 = Debug|Any CPU
		{973EA2FC-BCB6-4EA4-B6EE-B72CCCD8E0BD}.Release|Any CPU.ActiveCfg = Release|Any CPU
		{973EA2FC-BCB6-4EA4-B6EE-B72CCCD8E0BD}.Release|Any CPU.Build.0 = Release|Any CPU
		{3CBCD217-845C-4683-85D7-170FAEF5EFCA}.Debug|Any CPU.ActiveCfg = Debug|Any CPU
		{3CBCD217-845C-4683-85D7-170FAEF5EFCA}.Debug|Any CPU.Build.0 = Debug|Any CPU
		{3CBCD217-845C-4683-85D7-170FAEF5EFCA}.Release|Any CPU.ActiveCfg = Release|Any CPU
		{3CBCD217-845C-4683-85D7-170FAEF5EFCA}.Release|Any CPU.Build.0 = Release|Any CPU
		{BAB7DF61-0926-4D12-A3A4-3B954D57B56B}.Debug|Any CPU.ActiveCfg = Debug|Any CPU
		{BAB7DF61-0926-4D12-A3A4-3B954D57B56B}.Debug|Any CPU.Build.0 = Debug|Any CPU
		{BAB7DF61-0926-4D12-A3A4-3B954D57B56B}.Release|Any CPU.ActiveCfg = Release|Any CPU
		{BAB7DF61-0926-4D12-A3A4-3B954D57B56B}.Release|Any CPU.Build.0 = Release|Any CPU
		{8EEF0537-0A82-4BFF-82DC-013E43012937}.Debug|Any CPU.ActiveCfg = Debug|Any CPU
		{8EEF0537-0A82-4BFF-82DC-013E43012937}.Debug|Any CPU.Build.0 = Debug|Any CPU
		{8EEF0537-0A82-4BFF-82DC-013E43012937}.Release|Any CPU.ActiveCfg = Release|Any CPU
		{8EEF0537-0A82-4BFF-82DC-013E43012937}.Release|Any CPU.Build.0 = Release|Any CPU
		{2D1BC3E8-4A99-44A0-9019-9131882C7219}.Debug|Any CPU.ActiveCfg = Debug|Any CPU
		{2D1BC3E8-4A99-44A0-9019-9131882C7219}.Debug|Any CPU.Build.0 = Debug|Any CPU
		{2D1BC3E8-4A99-44A0-9019-9131882C7219}.Release|Any CPU.ActiveCfg = Release|Any CPU
		{2D1BC3E8-4A99-44A0-9019-9131882C7219}.Release|Any CPU.Build.0 = Release|Any CPU
	EndGlobalSection
	GlobalSection(SolutionProperties) = preSolution
		HideSolutionNode = FALSE
	EndGlobalSection
	GlobalSection(ExtensibilityGlobals) = postSolution
		SolutionGuid = {602FE25A-B680-44E8-8EF4-E7002BC71EFE}
	EndGlobalSection
EndGlobal
