
Microsoft Visual Studio Solution File, Format Version 12.00
# Visual Studio Version 16
VisualStudioVersion = 16.0.30717.126
MinimumVisualStudioVersion = 10.0.40219.1
Project("{FAE04EC0-301F-11D3-BF4B-00C04F79EFBC}") = "01.Stealer", "01.Stealer\01.Stealer.csproj", "{B1F14D21-9AFE-43F1-B733-453FB10DF5B3}"
EndProject
Project("{FAE04EC0-301F-11D3-BF4B-00C04F79EFBC}") = "02.HighQualityMistakes", "02.HighQualityMistakes\02.HighQualityMistakes.csproj", "{D245BDD2-74D9-4D3A-9A26-01EF974C5B39}"
EndProject
Global
	GlobalSection(SolutionConfigurationPlatforms) = preSolution
		Debug|Any CPU = Debug|Any CPU
		Release|Any CPU = Release|Any CPU
	EndGlobalSection
	GlobalSection(ProjectConfigurationPlatforms) = postSolution
		{B1F14D21-9AFE-43F1-B733-453FB10DF5B3}.Debug|Any CPU.ActiveCfg = Debug|Any CPU
		{B1F14D21-9AFE-43F1-B733-453FB10DF5B3}.Debug|Any CPU.Build.0 = Debug|Any CPU
		{B1F14D21-9AFE-43F1-B733-453FB10DF5B3}.Release|Any CPU.ActiveCfg = Release|Any CPU
		{B1F14D21-9AFE-43F1-B733-453FB10DF5B3}.Release|Any CPU.Build.0 = Release|Any CPU
		{D245BDD2-74D9-4D3A-9A26-01EF974C5B39}.Debug|Any CPU.ActiveCfg = Debug|Any CPU
		{D245BDD2-74D9-4D3A-9A26-01EF974C5B39}.Debug|Any CPU.Build.0 = Debug|Any CPU
		{D245BDD2-74D9-4D3A-9A26-01EF974C5B39}.Release|Any CPU.ActiveCfg = Release|Any CPU
		{D245BDD2-74D9-4D3A-9A26-01EF974C5B39}.Release|Any CPU.Build.0 = Release|Any CPU
	EndGlobalSection
	GlobalSection(SolutionProperties) = preSolution
		HideSolutionNode = FALSE
	EndGlobalSection
	GlobalSection(ExtensibilityGlobals) = postSolution
		SolutionGuid = {E6F59E93-BB9A-4594-B485-142BAF64F5FB}
	EndGlobalSection
EndGlobal
