
Microsoft Visual Studio Solution File, Format Version 12.00
# Visual Studio Version 16
VisualStudioVersion = 16.0.30114.105
MinimumVisualStudioVersion = 10.0.40219.1
Project("{FAE04EC0-301F-11D3-BF4B-00C04F79EFBC}") = "01.EasterCozonacs", "01.EasterCozonacs\01.EasterCozonacs.csproj", "{EB16E478-A0D9-43EA-B522-E38C60391F6A}"
EndProject
Project("{FAE04EC0-301F-11D3-BF4B-00C04F79EFBC}") = "02.EasterGifts", "02.EasterGifts\02.EasterGifts.csproj", "{00167650-5626-45BE-9A7E-BDE115DBB3BB}"
EndProject
Project("{FAE04EC0-301F-11D3-BF4B-00C04F79EFBC}") = "03.EasterShopping", "03.EasterShopping\03.EasterShopping.csproj", "{2615C11C-5D8E-4191-A105-225FB3F2CE2A}"
EndProject
Global
	GlobalSection(SolutionConfigurationPlatforms) = preSolution
		Debug|Any CPU = Debug|Any CPU
		Release|Any CPU = Release|Any CPU
	EndGlobalSection
	GlobalSection(ProjectConfigurationPlatforms) = postSolution
		{EB16E478-A0D9-43EA-B522-E38C60391F6A}.Debug|Any CPU.ActiveCfg = Debug|Any CPU
		{EB16E478-A0D9-43EA-B522-E38C60391F6A}.Debug|Any CPU.Build.0 = Debug|Any CPU
		{EB16E478-A0D9-43EA-B522-E38C60391F6A}.Release|Any CPU.ActiveCfg = Release|Any CPU
		{EB16E478-A0D9-43EA-B522-E38C60391F6A}.Release|Any CPU.Build.0 = Release|Any CPU
		{00167650-5626-45BE-9A7E-BDE115DBB3BB}.Debug|Any CPU.ActiveCfg = Debug|Any CPU
		{00167650-5626-45BE-9A7E-BDE115DBB3BB}.Debug|Any CPU.Build.0 = Debug|Any CPU
		{00167650-5626-45BE-9A7E-BDE115DBB3BB}.Release|Any CPU.ActiveCfg = Release|Any CPU
		{00167650-5626-45BE-9A7E-BDE115DBB3BB}.Release|Any CPU.Build.0 = Release|Any CPU
		{2615C11C-5D8E-4191-A105-225FB3F2CE2A}.Debug|Any CPU.ActiveCfg = Debug|Any CPU
		{2615C11C-5D8E-4191-A105-225FB3F2CE2A}.Debug|Any CPU.Build.0 = Debug|Any CPU
		{2615C11C-5D8E-4191-A105-225FB3F2CE2A}.Release|Any CPU.ActiveCfg = Release|Any CPU
		{2615C11C-5D8E-4191-A105-225FB3F2CE2A}.Release|Any CPU.Build.0 = Release|Any CPU
	EndGlobalSection
	GlobalSection(SolutionProperties) = preSolution
		HideSolutionNode = FALSE
	EndGlobalSection
	GlobalSection(ExtensibilityGlobals) = postSolution
		SolutionGuid = {361D3524-C181-4AAA-8013-82273F7DD257}
	EndGlobalSection
EndGlobal
