
Microsoft Visual Studio Solution File, Format Version 12.00
# Visual Studio Version 16
VisualStudioVersion = 16.0.30114.105
MinimumVisualStudioVersion = 10.0.40219.1
Project("{FAE04EC0-301F-11D3-BF4B-00C04F79EFBC}") = "01.ReverseStrings", "01.ReverseStrings\01.ReverseStrings.csproj", "{A54AEC6B-0D4E-4A45-92D3-6416EBBD5EA3}"
EndProject
Project("{FAE04EC0-301F-11D3-BF4B-00C04F79EFBC}") = "02.RepeatStrings", "02.RepeatStrings\02.RepeatStrings.csproj", "{F1A3CE36-1FFB-48D8-B997-06A8275E7910}"
EndProject
Project("{FAE04EC0-301F-11D3-BF4B-00C04F79EFBC}") = "03.Substring", "03.Substring\03.Substring.csproj", "{27148CB2-793E-48D8-A5E8-41F716A16017}"
EndProject
Project("{FAE04EC0-301F-11D3-BF4B-00C04F79EFBC}") = "04. TextFilter", "04. TextFilter\04. TextFilter.csproj", "{28C636AC-907B-4120-8F9F-423AA31D74B3}"
EndProject
Project("{FAE04EC0-301F-11D3-BF4B-00C04F79EFBC}") = "05.DigitsLettersAndOther", "05.DigitsLettersAndOther\05.DigitsLettersAndOther.csproj", "{8719CE86-F722-4D06-B6CB-52C426FB1136}"
EndProject
Global
	GlobalSection(SolutionConfigurationPlatforms) = preSolution
		Debug|Any CPU = Debug|Any CPU
		Release|Any CPU = Release|Any CPU
	EndGlobalSection
	GlobalSection(ProjectConfigurationPlatforms) = postSolution
		{A54AEC6B-0D4E-4A45-92D3-6416EBBD5EA3}.Debug|Any CPU.ActiveCfg = Debug|Any CPU
		{A54AEC6B-0D4E-4A45-92D3-6416EBBD5EA3}.Debug|Any CPU.Build.0 = Debug|Any CPU
		{A54AEC6B-0D4E-4A45-92D3-6416EBBD5EA3}.Release|Any CPU.ActiveCfg = Release|Any CPU
		{A54AEC6B-0D4E-4A45-92D3-6416EBBD5EA3}.Release|Any CPU.Build.0 = Release|Any CPU
		{F1A3CE36-1FFB-48D8-B997-06A8275E7910}.Debug|Any CPU.ActiveCfg = Debug|Any CPU
		{F1A3CE36-1FFB-48D8-B997-06A8275E7910}.Debug|Any CPU.Build.0 = Debug|Any CPU
		{F1A3CE36-1FFB-48D8-B997-06A8275E7910}.Release|Any CPU.ActiveCfg = Release|Any CPU
		{F1A3CE36-1FFB-48D8-B997-06A8275E7910}.Release|Any CPU.Build.0 = Release|Any CPU
		{27148CB2-793E-48D8-A5E8-41F716A16017}.Debug|Any CPU.ActiveCfg = Debug|Any CPU
		{27148CB2-793E-48D8-A5E8-41F716A16017}.Debug|Any CPU.Build.0 = Debug|Any CPU
		{27148CB2-793E-48D8-A5E8-41F716A16017}.Release|Any CPU.ActiveCfg = Release|Any CPU
		{27148CB2-793E-48D8-A5E8-41F716A16017}.Release|Any CPU.Build.0 = Release|Any CPU
		{28C636AC-907B-4120-8F9F-423AA31D74B3}.Debug|Any CPU.ActiveCfg = Debug|Any CPU
		{28C636AC-907B-4120-8F9F-423AA31D74B3}.Debug|Any CPU.Build.0 = Debug|Any CPU
		{28C636AC-907B-4120-8F9F-423AA31D74B3}.Release|Any CPU.ActiveCfg = Release|Any CPU
		{28C636AC-907B-4120-8F9F-423AA31D74B3}.Release|Any CPU.Build.0 = Release|Any CPU
		{8719CE86-F722-4D06-B6CB-52C426FB1136}.Debug|Any CPU.ActiveCfg = Debug|Any CPU
		{8719CE86-F722-4D06-B6CB-52C426FB1136}.Debug|Any CPU.Build.0 = Debug|Any CPU
		{8719CE86-F722-4D06-B6CB-52C426FB1136}.Release|Any CPU.ActiveCfg = Release|Any CPU
		{8719CE86-F722-4D06-B6CB-52C426FB1136}.Release|Any CPU.Build.0 = Release|Any CPU
	EndGlobalSection
	GlobalSection(SolutionProperties) = preSolution
		HideSolutionNode = FALSE
	EndGlobalSection
	GlobalSection(ExtensibilityGlobals) = postSolution
		SolutionGuid = {CB196CD9-11D8-48E8-83AC-CAFB3A3B42F6}
	EndGlobalSection
EndGlobal
