
Microsoft Visual Studio Solution File, Format Version 12.00
# Visual Studio Version 16
VisualStudioVersion = 16.0.30413.136
MinimumVisualStudioVersion = 10.0.40219.1
Project("{FAE04EC0-301F-11D3-BF4B-00C04F79EFBC}") = "01.ListyIterator", "01.ListyIterator\01.ListyIterator.csproj", "{E043D255-CB56-48EF-B66E-83FC687B3A50}"
EndProject
Project("{FAE04EC0-301F-11D3-BF4B-00C04F79EFBC}") = "02.Collection", "02.Collection\02.Collection.csproj", "{7D32AF47-2C89-4883-904F-84212A8A14AA}"
EndProject
Project("{FAE04EC0-301F-11D3-BF4B-00C04F79EFBC}") = "03.Stack", "03.Stack\03.Stack.csproj", "{334D3DFE-101C-4182-8224-8B9C6F56E5EB}"
EndProject
Project("{FAE04EC0-301F-11D3-BF4B-00C04F79EFBC}") = "04.Froggy", "04.Froggy\04.Froggy.csproj", "{74D51333-0C2A-440A-8722-3ED828D5B808}"
EndProject
Project("{FAE04EC0-301F-11D3-BF4B-00C04F79EFBC}") = "05.ComparingObjects", "05.ComparingObjects\05.ComparingObjects.csproj", "{939EF927-07B5-4B0C-B10F-0843680D0D64}"
EndProject
Project("{FAE04EC0-301F-11D3-BF4B-00C04F79EFBC}") = "06.EqualityLogic", "06.EqualityLogic\06.EqualityLogic.csproj", "{38D3AED7-F358-48B1-AD2B-0269F2DD6704}"
EndProject
Global
	GlobalSection(SolutionConfigurationPlatforms) = preSolution
		Debug|Any CPU = Debug|Any CPU
		Release|Any CPU = Release|Any CPU
	EndGlobalSection
	GlobalSection(ProjectConfigurationPlatforms) = postSolution
		{E043D255-CB56-48EF-B66E-83FC687B3A50}.Debug|Any CPU.ActiveCfg = Debug|Any CPU
		{E043D255-CB56-48EF-B66E-83FC687B3A50}.Debug|Any CPU.Build.0 = Debug|Any CPU
		{E043D255-CB56-48EF-B66E-83FC687B3A50}.Release|Any CPU.ActiveCfg = Release|Any CPU
		{E043D255-CB56-48EF-B66E-83FC687B3A50}.Release|Any CPU.Build.0 = Release|Any CPU
		{7D32AF47-2C89-4883-904F-84212A8A14AA}.Debug|Any CPU.ActiveCfg = Debug|Any CPU
		{7D32AF47-2C89-4883-904F-84212A8A14AA}.Debug|Any CPU.Build.0 = Debug|Any CPU
		{7D32AF47-2C89-4883-904F-84212A8A14AA}.Release|Any CPU.ActiveCfg = Release|Any CPU
		{7D32AF47-2C89-4883-904F-84212A8A14AA}.Release|Any CPU.Build.0 = Release|Any CPU
		{334D3DFE-101C-4182-8224-8B9C6F56E5EB}.Debug|Any CPU.ActiveCfg = Debug|Any CPU
		{334D3DFE-101C-4182-8224-8B9C6F56E5EB}.Debug|Any CPU.Build.0 = Debug|Any CPU
		{334D3DFE-101C-4182-8224-8B9C6F56E5EB}.Release|Any CPU.ActiveCfg = Release|Any CPU
		{334D3DFE-101C-4182-8224-8B9C6F56E5EB}.Release|Any CPU.Build.0 = Release|Any CPU
		{74D51333-0C2A-440A-8722-3ED828D5B808}.Debug|Any CPU.ActiveCfg = Debug|Any CPU
		{74D51333-0C2A-440A-8722-3ED828D5B808}.Debug|Any CPU.Build.0 = Debug|Any CPU
		{74D51333-0C2A-440A-8722-3ED828D5B808}.Release|Any CPU.ActiveCfg = Release|Any CPU
		{74D51333-0C2A-440A-8722-3ED828D5B808}.Release|Any CPU.Build.0 = Release|Any CPU
		{939EF927-07B5-4B0C-B10F-0843680D0D64}.Debug|Any CPU.ActiveCfg = Debug|Any CPU
		{939EF927-07B5-4B0C-B10F-0843680D0D64}.Debug|Any CPU.Build.0 = Debug|Any CPU
		{939EF927-07B5-4B0C-B10F-0843680D0D64}.Release|Any CPU.ActiveCfg = Release|Any CPU
		{939EF927-07B5-4B0C-B10F-0843680D0D64}.Release|Any CPU.Build.0 = Release|Any CPU
		{38D3AED7-F358-48B1-AD2B-0269F2DD6704}.Debug|Any CPU.ActiveCfg = Debug|Any CPU
		{38D3AED7-F358-48B1-AD2B-0269F2DD6704}.Debug|Any CPU.Build.0 = Debug|Any CPU
		{38D3AED7-F358-48B1-AD2B-0269F2DD6704}.Release|Any CPU.ActiveCfg = Release|Any CPU
		{38D3AED7-F358-48B1-AD2B-0269F2DD6704}.Release|Any CPU.Build.0 = Release|Any CPU
	EndGlobalSection
	GlobalSection(SolutionProperties) = preSolution
		HideSolutionNode = FALSE
	EndGlobalSection
	GlobalSection(ExtensibilityGlobals) = postSolution
		SolutionGuid = {C4793071-EA22-4A88-8B01-1BC8AA742C0F}
	EndGlobalSection
EndGlobal
