
Microsoft Visual Studio Solution File, Format Version 12.00
# Visual Studio Version 16
VisualStudioVersion = 16.0.30413.136
MinimumVisualStudioVersion = 10.0.40219.1
Project("{9A19103F-16F7-4668-BE54-9A1E7A4F7556}") = "01.ClassBoxData", "01.ClassBoxData\01.ClassBoxData.csproj", "{76FDEF7B-D631-4915-A315-82C18BEB7B2A}"
EndProject
Project("{9A19103F-16F7-4668-BE54-9A1E7A4F7556}") = "02.AnimalFarm", "02.AnimalFarm\02.AnimalFarm.csproj", "{FCD367AD-D2AC-4779-A44E-5A83FC2B608A}"
EndProject
Project("{9A19103F-16F7-4668-BE54-9A1E7A4F7556}") = "03.ShoppingSpree", "03.ShoppingSpree\03.ShoppingSpree.csproj", "{5AFAA872-31D3-49A7-B556-39F7E83A2D6B}"
EndProject
Project("{9A19103F-16F7-4668-BE54-9A1E7A4F7556}") = "01.ClassBoxDataByKristiyanIvanov", "01.ClassBoxDataByKristiyanIvanov\01.ClassBoxDataByKristiyanIvanov.csproj", "{CD8CD649-F811-4824-9370-AEC5E100E41A}"
EndProject
Project("{9A19103F-16F7-4668-BE54-9A1E7A4F7556}") = "04.PizzaCalories", "04.PizzaCalories\04.PizzaCalories.csproj", "{66D980F9-4243-4CDE-B3B0-0689F11C36FC}"
EndProject
Project("{FAE04EC0-301F-11D3-BF4B-00C04F79EFBC}") = "05.FootballTeamGenerator", "05.FootballTeamGenerator\05.FootballTeamGenerator.csproj", "{B70CA905-6B3E-4BC7-B4E0-7C91A4CDF056}"
EndProject
Global
	GlobalSection(SolutionConfigurationPlatforms) = preSolution
		Debug|Any CPU = Debug|Any CPU
		Release|Any CPU = Release|Any CPU
	EndGlobalSection
	GlobalSection(ProjectConfigurationPlatforms) = postSolution
		{76FDEF7B-D631-4915-A315-82C18BEB7B2A}.Debug|Any CPU.ActiveCfg = Debug|Any CPU
		{76FDEF7B-D631-4915-A315-82C18BEB7B2A}.Debug|Any CPU.Build.0 = Debug|Any CPU
		{76FDEF7B-D631-4915-A315-82C18BEB7B2A}.Release|Any CPU.ActiveCfg = Release|Any CPU
		{76FDEF7B-D631-4915-A315-82C18BEB7B2A}.Release|Any CPU.Build.0 = Release|Any CPU
		{FCD367AD-D2AC-4779-A44E-5A83FC2B608A}.Debug|Any CPU.ActiveCfg = Debug|Any CPU
		{FCD367AD-D2AC-4779-A44E-5A83FC2B608A}.Debug|Any CPU.Build.0 = Debug|Any CPU
		{FCD367AD-D2AC-4779-A44E-5A83FC2B608A}.Release|Any CPU.ActiveCfg = Release|Any CPU
		{FCD367AD-D2AC-4779-A44E-5A83FC2B608A}.Release|Any CPU.Build.0 = Release|Any CPU
		{5AFAA872-31D3-49A7-B556-39F7E83A2D6B}.Debug|Any CPU.ActiveCfg = Debug|Any CPU
		{5AFAA872-31D3-49A7-B556-39F7E83A2D6B}.Debug|Any CPU.Build.0 = Debug|Any CPU
		{5AFAA872-31D3-49A7-B556-39F7E83A2D6B}.Release|Any CPU.ActiveCfg = Release|Any CPU
		{5AFAA872-31D3-49A7-B556-39F7E83A2D6B}.Release|Any CPU.Build.0 = Release|Any CPU
		{CD8CD649-F811-4824-9370-AEC5E100E41A}.Debug|Any CPU.ActiveCfg = Debug|Any CPU
		{CD8CD649-F811-4824-9370-AEC5E100E41A}.Debug|Any CPU.Build.0 = Debug|Any CPU
		{CD8CD649-F811-4824-9370-AEC5E100E41A}.Release|Any CPU.ActiveCfg = Release|Any CPU
		{CD8CD649-F811-4824-9370-AEC5E100E41A}.Release|Any CPU.Build.0 = Release|Any CPU
		{66D980F9-4243-4CDE-B3B0-0689F11C36FC}.Debug|Any CPU.ActiveCfg = Debug|Any CPU
		{66D980F9-4243-4CDE-B3B0-0689F11C36FC}.Debug|Any CPU.Build.0 = Debug|Any CPU
		{66D980F9-4243-4CDE-B3B0-0689F11C36FC}.Release|Any CPU.ActiveCfg = Release|Any CPU
		{66D980F9-4243-4CDE-B3B0-0689F11C36FC}.Release|Any CPU.Build.0 = Release|Any CPU
		{B70CA905-6B3E-4BC7-B4E0-7C91A4CDF056}.Debug|Any CPU.ActiveCfg = Debug|Any CPU
		{B70CA905-6B3E-4BC7-B4E0-7C91A4CDF056}.Debug|Any CPU.Build.0 = Debug|Any CPU
		{B70CA905-6B3E-4BC7-B4E0-7C91A4CDF056}.Release|Any CPU.ActiveCfg = Release|Any CPU
		{B70CA905-6B3E-4BC7-B4E0-7C91A4CDF056}.Release|Any CPU.Build.0 = Release|Any CPU
	EndGlobalSection
	GlobalSection(SolutionProperties) = preSolution
		HideSolutionNode = FALSE
	EndGlobalSection
	GlobalSection(ExtensibilityGlobals) = postSolution
		SolutionGuid = {7DA294B5-C63F-409A-84B0-F5EB929DD3AB}
	EndGlobalSection
EndGlobal
