
Microsoft Visual Studio Solution File, Format Version 12.00
# Visual Studio Version 16
VisualStudioVersion = 16.0.30114.105
MinimumVisualStudioVersion = 10.0.40219.1
Project("{9A19103F-16F7-4668-BE54-9A1E7A4F7556}") = "01.DisneylandJourney", "01.DisneylandJourney\01.DisneylandJourney.csproj", "{10CA315E-5163-44D2-9315-D1CE8F456915}"
EndProject
Project("{9A19103F-16F7-4668-BE54-9A1E7A4F7556}") = "02.ArcheryTournament", "02.ArcheryTournament\02.ArcheryTournament.csproj", "{AD8C0BEB-BA95-4D16-B993-F223E6C46C35}"
EndProject
Project("{FAE04EC0-301F-11D3-BF4B-00C04F79EFBC}") = "03.SchoolLibrary", "03.SchoolLibrary\03.SchoolLibrary.csproj", "{C7182BA7-B46B-44A8-8B2E-F0DEAA3688A0}"
EndProject
Global
	GlobalSection(SolutionConfigurationPlatforms) = preSolution
		Debug|Any CPU = Debug|Any CPU
		Release|Any CPU = Release|Any CPU
	EndGlobalSection
	GlobalSection(ProjectConfigurationPlatforms) = postSolution
		{10CA315E-5163-44D2-9315-D1CE8F456915}.Debug|Any CPU.ActiveCfg = Debug|Any CPU
		{10CA315E-5163-44D2-9315-D1CE8F456915}.Debug|Any CPU.Build.0 = Debug|Any CPU
		{10CA315E-5163-44D2-9315-D1CE8F456915}.Release|Any CPU.ActiveCfg = Release|Any CPU
		{10CA315E-5163-44D2-9315-D1CE8F456915}.Release|Any CPU.Build.0 = Release|Any CPU
		{AD8C0BEB-BA95-4D16-B993-F223E6C46C35}.Debug|Any CPU.ActiveCfg = Debug|Any CPU
		{AD8C0BEB-BA95-4D16-B993-F223E6C46C35}.Debug|Any CPU.Build.0 = Debug|Any CPU
		{AD8C0BEB-BA95-4D16-B993-F223E6C46C35}.Release|Any CPU.ActiveCfg = Release|Any CPU
		{AD8C0BEB-BA95-4D16-B993-F223E6C46C35}.Release|Any CPU.Build.0 = Release|Any CPU
		{C7182BA7-B46B-44A8-8B2E-F0DEAA3688A0}.Debug|Any CPU.ActiveCfg = Debug|Any CPU
		{C7182BA7-B46B-44A8-8B2E-F0DEAA3688A0}.Debug|Any CPU.Build.0 = Debug|Any CPU
		{C7182BA7-B46B-44A8-8B2E-F0DEAA3688A0}.Release|Any CPU.ActiveCfg = Release|Any CPU
		{C7182BA7-B46B-44A8-8B2E-F0DEAA3688A0}.Release|Any CPU.Build.0 = Release|Any CPU
	EndGlobalSection
	GlobalSection(SolutionProperties) = preSolution
		HideSolutionNode = FALSE
	EndGlobalSection
	GlobalSection(ExtensibilityGlobals) = postSolution
		SolutionGuid = {0E3C3C65-A4BC-4D1C-9A1D-0115FE1E42D0}
	EndGlobalSection
EndGlobal
