
Microsoft Visual Studio Solution File, Format Version 12.00
# Visual Studio Version 16
VisualStudioVersion = 16.0.30114.105
MinimumVisualStudioVersion = 10.0.40219.1
Project("{9A19103F-16F7-4668-BE54-9A1E7A4F7556}") = "Test", "Test\Test.csproj", "{DCB1EAF4-F750-4D67-A93D-06F60CBCA242}"
EndProject
Project("{FAE04EC0-301F-11D3-BF4B-00C04F79EFBC}") = "02.GaussTrick", "02.GaussTrick\02.GaussTrick.csproj", "{FE41D941-320B-48A1-BC17-46B9EE79C18D}"
EndProject
Project("{FAE04EC0-301F-11D3-BF4B-00C04F79EFBC}") = "01.SumAdjacentEqualNumbers", "01.SumAdjacentEqualNumbers\01.SumAdjacentEqualNumbers.csproj", "{314E3E4E-7607-4CEC-A161-97ED7E5C2659}"
EndProject
Project("{FAE04EC0-301F-11D3-BF4B-00C04F79EFBC}") = "03.MergingLists", "03.MergingLists\03.MergingLists.csproj", "{195F56F2-4A37-4F0C-8910-F2FEDBC8DAC4}"
EndProject
Project("{FAE04EC0-301F-11D3-BF4B-00C04F79EFBC}") = "04.ListOfProducts", "04.ListOfProducts\04.ListOfProducts.csproj", "{F4966ABF-AED0-434E-84EC-ABDDC4F07530}"
EndProject
Project("{FAE04EC0-301F-11D3-BF4B-00C04F79EFBC}") = "05.RemoveNegativesAndReverse", "05.RemoveNegativesAndReverse\05.RemoveNegativesAndReverse.csproj", "{08010DD0-1F9F-413A-8A34-AD651AEAE3C3}"
EndProject
Project("{FAE04EC0-301F-11D3-BF4B-00C04F79EFBC}") = "06.ListManipulationBasics", "06.ListManipulationBasics\06.ListManipulationBasics.csproj", "{1B6A76EA-CFF2-4749-9F37-B201D4A1D8EC}"
EndProject
Project("{FAE04EC0-301F-11D3-BF4B-00C04F79EFBC}") = "07.ListManipulationAdvanced", "07.ListManipulationAdvanced\07.ListManipulationAdvanced.csproj", "{38CA4F70-03F3-4B80-8CBD-7714B10A6F1C}"
EndProject
Global
	GlobalSection(SolutionConfigurationPlatforms) = preSolution
		Debug|Any CPU = Debug|Any CPU
		Release|Any CPU = Release|Any CPU
	EndGlobalSection
	GlobalSection(ProjectConfigurationPlatforms) = postSolution
		{DCB1EAF4-F750-4D67-A93D-06F60CBCA242}.Debug|Any CPU.ActiveCfg = Debug|Any CPU
		{DCB1EAF4-F750-4D67-A93D-06F60CBCA242}.Debug|Any CPU.Build.0 = Debug|Any CPU
		{DCB1EAF4-F750-4D67-A93D-06F60CBCA242}.Release|Any CPU.ActiveCfg = Release|Any CPU
		{DCB1EAF4-F750-4D67-A93D-06F60CBCA242}.Release|Any CPU.Build.0 = Release|Any CPU
		{FE41D941-320B-48A1-BC17-46B9EE79C18D}.Debug|Any CPU.ActiveCfg = Debug|Any CPU
		{FE41D941-320B-48A1-BC17-46B9EE79C18D}.Debug|Any CPU.Build.0 = Debug|Any CPU
		{FE41D941-320B-48A1-BC17-46B9EE79C18D}.Release|Any CPU.ActiveCfg = Release|Any CPU
		{FE41D941-320B-48A1-BC17-46B9EE79C18D}.Release|Any CPU.Build.0 = Release|Any CPU
		{314E3E4E-7607-4CEC-A161-97ED7E5C2659}.Debug|Any CPU.ActiveCfg = Debug|Any CPU
		{314E3E4E-7607-4CEC-A161-97ED7E5C2659}.Debug|Any CPU.Build.0 = Debug|Any CPU
		{314E3E4E-7607-4CEC-A161-97ED7E5C2659}.Release|Any CPU.ActiveCfg = Release|Any CPU
		{314E3E4E-7607-4CEC-A161-97ED7E5C2659}.Release|Any CPU.Build.0 = Release|Any CPU
		{195F56F2-4A37-4F0C-8910-F2FEDBC8DAC4}.Debug|Any CPU.ActiveCfg = Debug|Any CPU
		{195F56F2-4A37-4F0C-8910-F2FEDBC8DAC4}.Debug|Any CPU.Build.0 = Debug|Any CPU
		{195F56F2-4A37-4F0C-8910-F2FEDBC8DAC4}.Release|Any CPU.ActiveCfg = Release|Any CPU
		{195F56F2-4A37-4F0C-8910-F2FEDBC8DAC4}.Release|Any CPU.Build.0 = Release|Any CPU
		{F4966ABF-AED0-434E-84EC-ABDDC4F07530}.Debug|Any CPU.ActiveCfg = Debug|Any CPU
		{F4966ABF-AED0-434E-84EC-ABDDC4F07530}.Debug|Any CPU.Build.0 = Debug|Any CPU
		{F4966ABF-AED0-434E-84EC-ABDDC4F07530}.Release|Any CPU.ActiveCfg = Release|Any CPU
		{F4966ABF-AED0-434E-84EC-ABDDC4F07530}.Release|Any CPU.Build.0 = Release|Any CPU
		{08010DD0-1F9F-413A-8A34-AD651AEAE3C3}.Debug|Any CPU.ActiveCfg = Debug|Any CPU
		{08010DD0-1F9F-413A-8A34-AD651AEAE3C3}.Debug|Any CPU.Build.0 = Debug|Any CPU
		{08010DD0-1F9F-413A-8A34-AD651AEAE3C3}.Release|Any CPU.ActiveCfg = Release|Any CPU
		{08010DD0-1F9F-413A-8A34-AD651AEAE3C3}.Release|Any CPU.Build.0 = Release|Any CPU
		{1B6A76EA-CFF2-4749-9F37-B201D4A1D8EC}.Debug|Any CPU.ActiveCfg = Debug|Any CPU
		{1B6A76EA-CFF2-4749-9F37-B201D4A1D8EC}.Debug|Any CPU.Build.0 = Debug|Any CPU
		{1B6A76EA-CFF2-4749-9F37-B201D4A1D8EC}.Release|Any CPU.ActiveCfg = Release|Any CPU
		{1B6A76EA-CFF2-4749-9F37-B201D4A1D8EC}.Release|Any CPU.Build.0 = Release|Any CPU
		{38CA4F70-03F3-4B80-8CBD-7714B10A6F1C}.Debug|Any CPU.ActiveCfg = Debug|Any CPU
		{38CA4F70-03F3-4B80-8CBD-7714B10A6F1C}.Debug|Any CPU.Build.0 = Debug|Any CPU
		{38CA4F70-03F3-4B80-8CBD-7714B10A6F1C}.Release|Any CPU.ActiveCfg = Release|Any CPU
		{38CA4F70-03F3-4B80-8CBD-7714B10A6F1C}.Release|Any CPU.Build.0 = Release|Any CPU
	EndGlobalSection
	GlobalSection(SolutionProperties) = preSolution
		HideSolutionNode = FALSE
	EndGlobalSection
	GlobalSection(ExtensibilityGlobals) = postSolution
		SolutionGuid = {96415CDD-A53F-494C-8C9B-53FC5D4F6AEF}
	EndGlobalSection
EndGlobal
