
Microsoft Visual Studio Solution File, Format Version 12.00
# Visual Studio Version 16
VisualStudioVersion = 16.0.30114.105
MinimumVisualStudioVersion = 10.0.40219.1
Project("{9A19103F-16F7-4668-BE54-9A1E7A4F7556}") = "TestMehod", "TestMehod\TestMehod.csproj", "{01DC8771-05BD-46F6-8B03-BFF5DF079297}"
EndProject
Project("{9A19103F-16F7-4668-BE54-9A1E7A4F7556}") = "01.SignOfIntegerNumbers", "01.SignOfIntegerNumbers\01.SignOfIntegerNumbers.csproj", "{015A1615-E417-4E1B-AA8F-A372A0CE7D8E}"
EndProject
Project("{9A19103F-16F7-4668-BE54-9A1E7A4F7556}") = "02.Grades", "02.Grades\02.Grades.csproj", "{CC3689CC-0FAB-4752-9DAF-B955EF23D94C}"
EndProject
Project("{9A19103F-16F7-4668-BE54-9A1E7A4F7556}") = "03.Calculations", "03.Calculations\03.Calculations.csproj", "{0D560BD5-6FCF-48D2-8B4D-3830EB22E87A}"
EndProject
Project("{9A19103F-16F7-4668-BE54-9A1E7A4F7556}") = "04.PrintingTriangle", "04.PrintingTriangle\04.PrintingTriangle.csproj", "{7B1208A6-72E0-4BBB-AD9F-1F39A2D8C8AC}"
EndProject
Project("{9A19103F-16F7-4668-BE54-9A1E7A4F7556}") = "05.Orders", "05.Orders\05.Orders.csproj", "{6D6F43A1-ED54-42C7-A7C6-C8E21A0DA19B}"
EndProject
Project("{FAE04EC0-301F-11D3-BF4B-00C04F79EFBC}") = "06.CalculateRectangleArea", "06.CalculateRectangleArea\06.CalculateRectangleArea.csproj", "{5B6E5F62-2F7A-49DB-AD1D-63C270F36F5F}"
EndProject
Project("{FAE04EC0-301F-11D3-BF4B-00C04F79EFBC}") = "07.RepeatString", "07.RepeatString\07.RepeatString.csproj", "{72E8EDA8-47F6-4E15-A220-B077F357A8FC}"
EndProject
Project("{FAE04EC0-301F-11D3-BF4B-00C04F79EFBC}") = "08.MathPower", "08.MathPower\08.MathPower.csproj", "{87636A60-D8EC-49AE-8A44-4DD30CA924EF}"
EndProject
Project("{FAE04EC0-301F-11D3-BF4B-00C04F79EFBC}") = "09.GreaterOfTwoValues", "09.GreaterOfTwoValues\09.GreaterOfTwoValues.csproj", "{F3E4E99B-87B3-4EA4-988C-3305F8471C26}"
EndProject
Project("{FAE04EC0-301F-11D3-BF4B-00C04F79EFBC}") = "10. MultiplyEvensByOdds", "10. MultiplyEvensByOdds\10. MultiplyEvensByOdds.csproj", "{ED9258CF-025F-4F17-926C-1CA320F4F5B3}"
EndProject
Project("{FAE04EC0-301F-11D3-BF4B-00C04F79EFBC}") = "11.MathOperations", "11.MathOperations\11.MathOperations.csproj", "{76960E2E-9DBB-4D09-B12C-5F60374C35A2}"
EndProject
Global
	GlobalSection(SolutionConfigurationPlatforms) = preSolution
		Debug|Any CPU = Debug|Any CPU
		Release|Any CPU = Release|Any CPU
	EndGlobalSection
	GlobalSection(ProjectConfigurationPlatforms) = postSolution
		{01DC8771-05BD-46F6-8B03-BFF5DF079297}.Debug|Any CPU.ActiveCfg = Debug|Any CPU
		{01DC8771-05BD-46F6-8B03-BFF5DF079297}.Debug|Any CPU.Build.0 = Debug|Any CPU
		{01DC8771-05BD-46F6-8B03-BFF5DF079297}.Release|Any CPU.ActiveCfg = Release|Any CPU
		{01DC8771-05BD-46F6-8B03-BFF5DF079297}.Release|Any CPU.Build.0 = Release|Any CPU
		{015A1615-E417-4E1B-AA8F-A372A0CE7D8E}.Debug|Any CPU.ActiveCfg = Debug|Any CPU
		{015A1615-E417-4E1B-AA8F-A372A0CE7D8E}.Debug|Any CPU.Build.0 = Debug|Any CPU
		{015A1615-E417-4E1B-AA8F-A372A0CE7D8E}.Release|Any CPU.ActiveCfg = Release|Any CPU
		{015A1615-E417-4E1B-AA8F-A372A0CE7D8E}.Release|Any CPU.Build.0 = Release|Any CPU
		{CC3689CC-0FAB-4752-9DAF-B955EF23D94C}.Debug|Any CPU.ActiveCfg = Debug|Any CPU
		{CC3689CC-0FAB-4752-9DAF-B955EF23D94C}.Debug|Any CPU.Build.0 = Debug|Any CPU
		{CC3689CC-0FAB-4752-9DAF-B955EF23D94C}.Release|Any CPU.ActiveCfg = Release|Any CPU
		{CC3689CC-0FAB-4752-9DAF-B955EF23D94C}.Release|Any CPU.Build.0 = Release|Any CPU
		{0D560BD5-6FCF-48D2-8B4D-3830EB22E87A}.Debug|Any CPU.ActiveCfg = Debug|Any CPU
		{0D560BD5-6FCF-48D2-8B4D-3830EB22E87A}.Debug|Any CPU.Build.0 = Debug|Any CPU
		{0D560BD5-6FCF-48D2-8B4D-3830EB22E87A}.Release|Any CPU.ActiveCfg = Release|Any CPU
		{0D560BD5-6FCF-48D2-8B4D-3830EB22E87A}.Release|Any CPU.Build.0 = Release|Any CPU
		{7B1208A6-72E0-4BBB-AD9F-1F39A2D8C8AC}.Debug|Any CPU.ActiveCfg = Debug|Any CPU
		{7B1208A6-72E0-4BBB-AD9F-1F39A2D8C8AC}.Debug|Any CPU.Build.0 = Debug|Any CPU
		{7B1208A6-72E0-4BBB-AD9F-1F39A2D8C8AC}.Release|Any CPU.ActiveCfg = Release|Any CPU
		{7B1208A6-72E0-4BBB-AD9F-1F39A2D8C8AC}.Release|Any CPU.Build.0 = Release|Any CPU
		{6D6F43A1-ED54-42C7-A7C6-C8E21A0DA19B}.Debug|Any CPU.ActiveCfg = Debug|Any CPU
		{6D6F43A1-ED54-42C7-A7C6-C8E21A0DA19B}.Debug|Any CPU.Build.0 = Debug|Any CPU
		{6D6F43A1-ED54-42C7-A7C6-C8E21A0DA19B}.Release|Any CPU.ActiveCfg = Release|Any CPU
		{6D6F43A1-ED54-42C7-A7C6-C8E21A0DA19B}.Release|Any CPU.Build.0 = Release|Any CPU
		{5B6E5F62-2F7A-49DB-AD1D-63C270F36F5F}.Debug|Any CPU.ActiveCfg = Debug|Any CPU
		{5B6E5F62-2F7A-49DB-AD1D-63C270F36F5F}.Debug|Any CPU.Build.0 = Debug|Any CPU
		{5B6E5F62-2F7A-49DB-AD1D-63C270F36F5F}.Release|Any CPU.ActiveCfg = Release|Any CPU
		{5B6E5F62-2F7A-49DB-AD1D-63C270F36F5F}.Release|Any CPU.Build.0 = Release|Any CPU
		{72E8EDA8-47F6-4E15-A220-B077F357A8FC}.Debug|Any CPU.ActiveCfg = Debug|Any CPU
		{72E8EDA8-47F6-4E15-A220-B077F357A8FC}.Debug|Any CPU.Build.0 = Debug|Any CPU
		{72E8EDA8-47F6-4E15-A220-B077F357A8FC}.Release|Any CPU.ActiveCfg = Release|Any CPU
		{72E8EDA8-47F6-4E15-A220-B077F357A8FC}.Release|Any CPU.Build.0 = Release|Any CPU
		{87636A60-D8EC-49AE-8A44-4DD30CA924EF}.Debug|Any CPU.ActiveCfg = Debug|Any CPU
		{87636A60-D8EC-49AE-8A44-4DD30CA924EF}.Debug|Any CPU.Build.0 = Debug|Any CPU
		{87636A60-D8EC-49AE-8A44-4DD30CA924EF}.Release|Any CPU.ActiveCfg = Release|Any CPU
		{87636A60-D8EC-49AE-8A44-4DD30CA924EF}.Release|Any CPU.Build.0 = Release|Any CPU
		{F3E4E99B-87B3-4EA4-988C-3305F8471C26}.Debug|Any CPU.ActiveCfg = Debug|Any CPU
		{F3E4E99B-87B3-4EA4-988C-3305F8471C26}.Debug|Any CPU.Build.0 = Debug|Any CPU
		{F3E4E99B-87B3-4EA4-988C-3305F8471C26}.Release|Any CPU.ActiveCfg = Release|Any CPU
		{F3E4E99B-87B3-4EA4-988C-3305F8471C26}.Release|Any CPU.Build.0 = Release|Any CPU
		{ED9258CF-025F-4F17-926C-1CA320F4F5B3}.Debug|Any CPU.ActiveCfg = Debug|Any CPU
		{ED9258CF-025F-4F17-926C-1CA320F4F5B3}.Debug|Any CPU.Build.0 = Debug|Any CPU
		{ED9258CF-025F-4F17-926C-1CA320F4F5B3}.Release|Any CPU.ActiveCfg = Release|Any CPU
		{ED9258CF-025F-4F17-926C-1CA320F4F5B3}.Release|Any CPU.Build.0 = Release|Any CPU
		{76960E2E-9DBB-4D09-B12C-5F60374C35A2}.Debug|Any CPU.ActiveCfg = Debug|Any CPU
		{76960E2E-9DBB-4D09-B12C-5F60374C35A2}.Debug|Any CPU.Build.0 = Debug|Any CPU
		{76960E2E-9DBB-4D09-B12C-5F60374C35A2}.Release|Any CPU.ActiveCfg = Release|Any CPU
		{76960E2E-9DBB-4D09-B12C-5F60374C35A2}.Release|Any CPU.Build.0 = Release|Any CPU
	EndGlobalSection
	GlobalSection(SolutionProperties) = preSolution
		HideSolutionNode = FALSE
	EndGlobalSection
	GlobalSection(ExtensibilityGlobals) = postSolution
		SolutionGuid = {E292B394-D0F9-443F-BD94-2C1307F4085C}
	EndGlobalSection
EndGlobal
