
Microsoft Visual Studio Solution File, Format Version 12.00
# Visual Studio Version 16
VisualStudioVersion = 16.0.30413.136
MinimumVisualStudioVersion = 10.0.40219.1
Project("{FAE04EC0-301F-11D3-BF4B-00C04F79EFBC}") = "01.Shapes", "01.Shapes\01.Shapes.csproj", "{0502CCBF-1E96-45AF-B773-20362A45B7C8}"
EndProject
Project("{FAE04EC0-301F-11D3-BF4B-00C04F79EFBC}") = "02.Cars", "02.Cars\02.Cars.csproj", "{40177A00-886E-4372-AA6A-7DCD6CE6B89B}"
EndProject
Global
	GlobalSection(SolutionConfigurationPlatforms) = preSolution
		Debug|Any CPU = Debug|Any CPU
		Release|Any CPU = Release|Any CPU
	EndGlobalSection
	GlobalSection(ProjectConfigurationPlatforms) = postSolution
		{0502CCBF-1E96-45AF-B773-20362A45B7C8}.Debug|Any CPU.ActiveCfg = Debug|Any CPU
		{0502CCBF-1E96-45AF-B773-20362A45B7C8}.Debug|Any CPU.Build.0 = Debug|Any CPU
		{0502CCBF-1E96-45AF-B773-20362A45B7C8}.Release|Any CPU.ActiveCfg = Release|Any CPU
		{0502CCBF-1E96-45AF-B773-20362A45B7C8}.Release|Any CPU.Build.0 = Release|Any CPU
		{40177A00-886E-4372-AA6A-7DCD6CE6B89B}.Debug|Any CPU.ActiveCfg = Debug|Any CPU
		{40177A00-886E-4372-AA6A-7DCD6CE6B89B}.Debug|Any CPU.Build.0 = Debug|Any CPU
		{40177A00-886E-4372-AA6A-7DCD6CE6B89B}.Release|Any CPU.ActiveCfg = Release|Any CPU
		{40177A00-886E-4372-AA6A-7DCD6CE6B89B}.Release|Any CPU.Build.0 = Release|Any CPU
	EndGlobalSection
	GlobalSection(SolutionProperties) = preSolution
		HideSolutionNode = FALSE
	EndGlobalSection
	GlobalSection(ExtensibilityGlobals) = postSolution
		SolutionGuid = {C87D613F-5C34-4813-86C9-FF2BDADAFF84}
	EndGlobalSection
EndGlobal
