
Microsoft Visual Studio Solution File, Format Version 12.00
# Visual Studio Version 16
VisualStudioVersion = 16.0.30413.136
MinimumVisualStudioVersion = 10.0.40219.1
Project("{9A19103F-16F7-4668-BE54-9A1E7A4F7556}") = "01.DefineAnInterfaceIPerson", "01.DefineAnInterfaceIPerson\01.DefineAnInterfaceIPerson.csproj", "{5DAE3B2A-0335-4268-8E74-F3E98530985F}"
EndProject
Project("{9A19103F-16F7-4668-BE54-9A1E7A4F7556}") = "02.MultipleImplementation", "02.MultipleImplementation\02.MultipleImplementation.csproj", "{C7799562-FEAE-4425-8219-E862F15DDDB0}"
EndProject
Project("{9A19103F-16F7-4668-BE54-9A1E7A4F7556}") = "03.Telephony", "03.Telephony\03.Telephony.csproj", "{F1B7AC3C-8A2A-4440-9E9D-0E6274BFB579}"
EndProject
Project("{FAE04EC0-301F-11D3-BF4B-00C04F79EFBC}") = "04.BorderControl", "04.BorderControl\04.BorderControl.csproj", "{3E8D8ECC-02BC-4938-8F6F-A2025CCE73F7}"
EndProject
Project("{FAE04EC0-301F-11D3-BF4B-00C04F79EFBC}") = "05.BirthdayCelebrations", "05.BirthdayCelebrations\05.BirthdayCelebrations.csproj", "{40D35D3E-46C6-4457-9A91-9C032222011B}"
EndProject
Project("{FAE04EC0-301F-11D3-BF4B-00C04F79EFBC}") = "06.FoodShortage", "06.FoodShortage\06.FoodShortage.csproj", "{51DA8EDC-D5DC-46F0-9407-DF0128D0A4A7}"
EndProject
Global
	GlobalSection(SolutionConfigurationPlatforms) = preSolution
		Debug|Any CPU = Debug|Any CPU
		Release|Any CPU = Release|Any CPU
	EndGlobalSection
	GlobalSection(ProjectConfigurationPlatforms) = postSolution
		{5DAE3B2A-0335-4268-8E74-F3E98530985F}.Debug|Any CPU.ActiveCfg = Debug|Any CPU
		{5DAE3B2A-0335-4268-8E74-F3E98530985F}.Debug|Any CPU.Build.0 = Debug|Any CPU
		{5DAE3B2A-0335-4268-8E74-F3E98530985F}.Release|Any CPU.ActiveCfg = Release|Any CPU
		{5DAE3B2A-0335-4268-8E74-F3E98530985F}.Release|Any CPU.Build.0 = Release|Any CPU
		{C7799562-FEAE-4425-8219-E862F15DDDB0}.Debug|Any CPU.ActiveCfg = Debug|Any CPU
		{C7799562-FEAE-4425-8219-E862F15DDDB0}.Debug|Any CPU.Build.0 = Debug|Any CPU
		{C7799562-FEAE-4425-8219-E862F15DDDB0}.Release|Any CPU.ActiveCfg = Release|Any CPU
		{C7799562-FEAE-4425-8219-E862F15DDDB0}.Release|Any CPU.Build.0 = Release|Any CPU
		{F1B7AC3C-8A2A-4440-9E9D-0E6274BFB579}.Debug|Any CPU.ActiveCfg = Debug|Any CPU
		{F1B7AC3C-8A2A-4440-9E9D-0E6274BFB579}.Debug|Any CPU.Build.0 = Debug|Any CPU
		{F1B7AC3C-8A2A-4440-9E9D-0E6274BFB579}.Release|Any CPU.ActiveCfg = Release|Any CPU
		{F1B7AC3C-8A2A-4440-9E9D-0E6274BFB579}.Release|Any CPU.Build.0 = Release|Any CPU
		{3E8D8ECC-02BC-4938-8F6F-A2025CCE73F7}.Debug|Any CPU.ActiveCfg = Debug|Any CPU
		{3E8D8ECC-02BC-4938-8F6F-A2025CCE73F7}.Debug|Any CPU.Build.0 = Debug|Any CPU
		{3E8D8ECC-02BC-4938-8F6F-A2025CCE73F7}.Release|Any CPU.ActiveCfg = Release|Any CPU
		{3E8D8ECC-02BC-4938-8F6F-A2025CCE73F7}.Release|Any CPU.Build.0 = Release|Any CPU
		{40D35D3E-46C6-4457-9A91-9C032222011B}.Debug|Any CPU.ActiveCfg = Debug|Any CPU
		{40D35D3E-46C6-4457-9A91-9C032222011B}.Debug|Any CPU.Build.0 = Debug|Any CPU
		{40D35D3E-46C6-4457-9A91-9C032222011B}.Release|Any CPU.ActiveCfg = Release|Any CPU
		{40D35D3E-46C6-4457-9A91-9C032222011B}.Release|Any CPU.Build.0 = Release|Any CPU
		{51DA8EDC-D5DC-46F0-9407-DF0128D0A4A7}.Debug|Any CPU.ActiveCfg = Debug|Any CPU
		{51DA8EDC-D5DC-46F0-9407-DF0128D0A4A7}.Debug|Any CPU.Build.0 = Debug|Any CPU
		{51DA8EDC-D5DC-46F0-9407-DF0128D0A4A7}.Release|Any CPU.ActiveCfg = Release|Any CPU
		{51DA8EDC-D5DC-46F0-9407-DF0128D0A4A7}.Release|Any CPU.Build.0 = Release|Any CPU
	EndGlobalSection
	GlobalSection(SolutionProperties) = preSolution
		HideSolutionNode = FALSE
	EndGlobalSection
	GlobalSection(ExtensibilityGlobals) = postSolution
		SolutionGuid = {BE57C4AE-D149-4322-ACC8-5A3274C42128}
	EndGlobalSection
EndGlobal
