
Microsoft Visual Studio Solution File, Format Version 12.00
# Visual Studio Version 16
VisualStudioVersion = 16.0.30002.166
MinimumVisualStudioVersion = 10.0.40219.1
Project("{9A19103F-16F7-4668-BE54-9A1E7A4F7556}") = "01.Train", "01.Train\01.Train.csproj", "{7F5A2D28-9195-4A4C-A142-C6594E3C8E79}"
EndProject
Project("{9A19103F-16F7-4668-BE54-9A1E7A4F7556}") = "02.CommonElements", "02.CommonElements\02.CommonElements.csproj", "{DF2591D1-8A50-4BB9-8E1A-C2484BA5EF52}"
EndProject
Project("{9A19103F-16F7-4668-BE54-9A1E7A4F7556}") = "03.Zig-ZagArrays", "03.Zig-ZagArrays\03.Zig-ZagArrays.csproj", "{3D64BC0D-0FF7-4855-875F-B87301764F22}"
EndProject
Project("{9A19103F-16F7-4668-BE54-9A1E7A4F7556}") = "03.Zig-ZagArrays100", "03.Zig-ZagArrays100\03.Zig-ZagArrays100.csproj", "{2F7B2165-21C8-40F6-8508-8C72C6733375}"
EndProject
Project("{9A19103F-16F7-4668-BE54-9A1E7A4F7556}") = "04.ArrayRotation", "04.ArrayRotation\04.ArrayRotation.csproj", "{6066C4F6-DE5C-4D44-B08B-279B432EF9F8}"
EndProject
Project("{9A19103F-16F7-4668-BE54-9A1E7A4F7556}") = "05.TopIntegers", "05.TopIntegers\05.TopIntegers.csproj", "{1AA128EE-077D-488F-BD2C-3A9F9AE44D1E}"
EndProject
Project("{9A19103F-16F7-4668-BE54-9A1E7A4F7556}") = "06.EqualSum", "06.EqualSum\06.EqualSum.csproj", "{C9CF678A-DA81-4990-A12D-D3BFD242C766}"
EndProject
Project("{9A19103F-16F7-4668-BE54-9A1E7A4F7556}") = "07.MaxSequenceOfEqualElements", "07.MaxSequenceOfEqualElements\07.MaxSequenceOfEqualElements.csproj", "{EF49034C-B4F6-4C7C-89F5-233C2F11C109}"
EndProject
Project("{9A19103F-16F7-4668-BE54-9A1E7A4F7556}") = "06.EqualSumSania", "06.EqualSumSania\06.EqualSumSania.csproj", "{50E97703-8D2D-43BB-8FA8-0AF564678738}"
EndProject
Project("{9A19103F-16F7-4668-BE54-9A1E7A4F7556}") = "08.MagicSum", "08.MagicSum\08.MagicSum.csproj", "{9793BCB7-805A-4770-9664-FCD58D5ED909}"
EndProject
Project("{9A19103F-16F7-4668-BE54-9A1E7A4F7556}") = "09.KaminoFactory", "09.KaminoFactory\09.KaminoFactory.csproj", "{64FDDF91-7849-4969-8334-719161CD7D2C}"
EndProject
Project("{9A19103F-16F7-4668-BE54-9A1E7A4F7556}") = "10.LadyBugs", "10.LadyBugs\10.LadyBugs.csproj", "{10D9DD74-03B5-42D1-878E-C7F5EE287B92}"
EndProject
Project("{9A19103F-16F7-4668-BE54-9A1E7A4F7556}") = "Test", "Test\Test.csproj", "{994B2E2E-379D-4D03-B9FA-6B145F289522}"
EndProject
Project("{9A19103F-16F7-4668-BE54-9A1E7A4F7556}") = "SecondTimeExercises", "SecondTimeExercises\SecondTimeExercises.csproj", "{A148535C-5E24-48CB-AFC2-11E2FAE19835}"
EndProject
Project("{FAE04EC0-301F-11D3-BF4B-00C04F79EFBC}") = "10.LadyBugsMe", "10.LadyBugsMe\10.LadyBugsMe.csproj", "{8E920CC0-E75F-4DCB-A9BA-C6940CEB49D1}"
EndProject
Global
	GlobalSection(SolutionConfigurationPlatforms) = preSolution
		Debug|Any CPU = Debug|Any CPU
		Release|Any CPU = Release|Any CPU
	EndGlobalSection
	GlobalSection(ProjectConfigurationPlatforms) = postSolution
		{7F5A2D28-9195-4A4C-A142-C6594E3C8E79}.Debug|Any CPU.ActiveCfg = Debug|Any CPU
		{7F5A2D28-9195-4A4C-A142-C6594E3C8E79}.Debug|Any CPU.Build.0 = Debug|Any CPU
		{7F5A2D28-9195-4A4C-A142-C6594E3C8E79}.Release|Any CPU.ActiveCfg = Release|Any CPU
		{7F5A2D28-9195-4A4C-A142-C6594E3C8E79}.Release|Any CPU.Build.0 = Release|Any CPU
		{DF2591D1-8A50-4BB9-8E1A-C2484BA5EF52}.Debug|Any CPU.ActiveCfg = Debug|Any CPU
		{DF2591D1-8A50-4BB9-8E1A-C2484BA5EF52}.Debug|Any CPU.Build.0 = Debug|Any CPU
		{DF2591D1-8A50-4BB9-8E1A-C2484BA5EF52}.Release|Any CPU.ActiveCfg = Release|Any CPU
		{DF2591D1-8A50-4BB9-8E1A-C2484BA5EF52}.Release|Any CPU.Build.0 = Release|Any CPU
		{3D64BC0D-0FF7-4855-875F-B87301764F22}.Debug|Any CPU.ActiveCfg = Debug|Any CPU
		{3D64BC0D-0FF7-4855-875F-B87301764F22}.Debug|Any CPU.Build.0 = Debug|Any CPU
		{3D64BC0D-0FF7-4855-875F-B87301764F22}.Release|Any CPU.ActiveCfg = Release|Any CPU
		{3D64BC0D-0FF7-4855-875F-B87301764F22}.Release|Any CPU.Build.0 = Release|Any CPU
		{2F7B2165-21C8-40F6-8508-8C72C6733375}.Debug|Any CPU.ActiveCfg = Debug|Any CPU
		{2F7B2165-21C8-40F6-8508-8C72C6733375}.Debug|Any CPU.Build.0 = Debug|Any CPU
		{2F7B2165-21C8-40F6-8508-8C72C6733375}.Release|Any CPU.ActiveCfg = Release|Any CPU
		{2F7B2165-21C8-40F6-8508-8C72C6733375}.Release|Any CPU.Build.0 = Release|Any CPU
		{6066C4F6-DE5C-4D44-B08B-279B432EF9F8}.Debug|Any CPU.ActiveCfg = Debug|Any CPU
		{6066C4F6-DE5C-4D44-B08B-279B432EF9F8}.Debug|Any CPU.Build.0 = Debug|Any CPU
		{6066C4F6-DE5C-4D44-B08B-279B432EF9F8}.Release|Any CPU.ActiveCfg = Release|Any CPU
		{6066C4F6-DE5C-4D44-B08B-279B432EF9F8}.Release|Any CPU.Build.0 = Release|Any CPU
		{1AA128EE-077D-488F-BD2C-3A9F9AE44D1E}.Debug|Any CPU.ActiveCfg = Debug|Any CPU
		{1AA128EE-077D-488F-BD2C-3A9F9AE44D1E}.Debug|Any CPU.Build.0 = Debug|Any CPU
		{1AA128EE-077D-488F-BD2C-3A9F9AE44D1E}.Release|Any CPU.ActiveCfg = Release|Any CPU
		{1AA128EE-077D-488F-BD2C-3A9F9AE44D1E}.Release|Any CPU.Build.0 = Release|Any CPU
		{C9CF678A-DA81-4990-A12D-D3BFD242C766}.Debug|Any CPU.ActiveCfg = Debug|Any CPU
		{C9CF678A-DA81-4990-A12D-D3BFD242C766}.Debug|Any CPU.Build.0 = Debug|Any CPU
		{C9CF678A-DA81-4990-A12D-D3BFD242C766}.Release|Any CPU.ActiveCfg = Release|Any CPU
		{C9CF678A-DA81-4990-A12D-D3BFD242C766}.Release|Any CPU.Build.0 = Release|Any CPU
		{EF49034C-B4F6-4C7C-89F5-233C2F11C109}.Debug|Any CPU.ActiveCfg = Debug|Any CPU
		{EF49034C-B4F6-4C7C-89F5-233C2F11C109}.Debug|Any CPU.Build.0 = Debug|Any CPU
		{EF49034C-B4F6-4C7C-89F5-233C2F11C109}.Release|Any CPU.ActiveCfg = Release|Any CPU
		{EF49034C-B4F6-4C7C-89F5-233C2F11C109}.Release|Any CPU.Build.0 = Release|Any CPU
		{50E97703-8D2D-43BB-8FA8-0AF564678738}.Debug|Any CPU.ActiveCfg = Debug|Any CPU
		{50E97703-8D2D-43BB-8FA8-0AF564678738}.Debug|Any CPU.Build.0 = Debug|Any CPU
		{50E97703-8D2D-43BB-8FA8-0AF564678738}.Release|Any CPU.ActiveCfg = Release|Any CPU
		{50E97703-8D2D-43BB-8FA8-0AF564678738}.Release|Any CPU.Build.0 = Release|Any CPU
		{9793BCB7-805A-4770-9664-FCD58D5ED909}.Debug|Any CPU.ActiveCfg = Debug|Any CPU
		{9793BCB7-805A-4770-9664-FCD58D5ED909}.Debug|Any CPU.Build.0 = Debug|Any CPU
		{9793BCB7-805A-4770-9664-FCD58D5ED909}.Release|Any CPU.ActiveCfg = Release|Any CPU
		{9793BCB7-805A-4770-9664-FCD58D5ED909}.Release|Any CPU.Build.0 = Release|Any CPU
		{64FDDF91-7849-4969-8334-719161CD7D2C}.Debug|Any CPU.ActiveCfg = Debug|Any CPU
		{64FDDF91-7849-4969-8334-719161CD7D2C}.Debug|Any CPU.Build.0 = Debug|Any CPU
		{64FDDF91-7849-4969-8334-719161CD7D2C}.Release|Any CPU.ActiveCfg = Release|Any CPU
		{64FDDF91-7849-4969-8334-719161CD7D2C}.Release|Any CPU.Build.0 = Release|Any CPU
		{10D9DD74-03B5-42D1-878E-C7F5EE287B92}.Debug|Any CPU.ActiveCfg = Debug|Any CPU
		{10D9DD74-03B5-42D1-878E-C7F5EE287B92}.Debug|Any CPU.Build.0 = Debug|Any CPU
		{10D9DD74-03B5-42D1-878E-C7F5EE287B92}.Release|Any CPU.ActiveCfg = Release|Any CPU
		{10D9DD74-03B5-42D1-878E-C7F5EE287B92}.Release|Any CPU.Build.0 = Release|Any CPU
		{994B2E2E-379D-4D03-B9FA-6B145F289522}.Debug|Any CPU.ActiveCfg = Debug|Any CPU
		{994B2E2E-379D-4D03-B9FA-6B145F289522}.Debug|Any CPU.Build.0 = Debug|Any CPU
		{994B2E2E-379D-4D03-B9FA-6B145F289522}.Release|Any CPU.ActiveCfg = Release|Any CPU
		{994B2E2E-379D-4D03-B9FA-6B145F289522}.Release|Any CPU.Build.0 = Release|Any CPU
		{A148535C-5E24-48CB-AFC2-11E2FAE19835}.Debug|Any CPU.ActiveCfg = Debug|Any CPU
		{A148535C-5E24-48CB-AFC2-11E2FAE19835}.Debug|Any CPU.Build.0 = Debug|Any CPU
		{A148535C-5E24-48CB-AFC2-11E2FAE19835}.Release|Any CPU.ActiveCfg = Release|Any CPU
		{A148535C-5E24-48CB-AFC2-11E2FAE19835}.Release|Any CPU.Build.0 = Release|Any CPU
		{8E920CC0-E75F-4DCB-A9BA-C6940CEB49D1}.Debug|Any CPU.ActiveCfg = Debug|Any CPU
		{8E920CC0-E75F-4DCB-A9BA-C6940CEB49D1}.Debug|Any CPU.Build.0 = Debug|Any CPU
		{8E920CC0-E75F-4DCB-A9BA-C6940CEB49D1}.Release|Any CPU.ActiveCfg = Release|Any CPU
		{8E920CC0-E75F-4DCB-A9BA-C6940CEB49D1}.Release|Any CPU.Build.0 = Release|Any CPU
	EndGlobalSection
	GlobalSection(SolutionProperties) = preSolution
		HideSolutionNode = FALSE
	EndGlobalSection
	GlobalSection(ExtensibilityGlobals) = postSolution
		SolutionGuid = {5C04F423-2905-4559-9E2F-865E1B501A3C}
	EndGlobalSection
EndGlobal
