
Microsoft Visual Studio Solution File, Format Version 12.00
# Visual Studio Version 16
VisualStudioVersion = 16.0.30413.136
MinimumVisualStudioVersion = 10.0.40219.1
Project("{9A19103F-16F7-4668-BE54-9A1E7A4F7556}") = "01.CountSameValuesInArray", "01.CountSameValuesInArray\01.CountSameValuesInArray.csproj", "{A60C6C78-CE6B-4F54-A938-75C6A393074C}"
EndProject
Project("{9A19103F-16F7-4668-BE54-9A1E7A4F7556}") = "02.AverageStudentGrades", "02.AverageStudentGrades\02.AverageStudentGrades.csproj", "{764FC899-3683-4DC8-B753-7B0F57E76F01}"
EndProject
Project("{9A19103F-16F7-4668-BE54-9A1E7A4F7556}") = "03.ProductShop", "03.ProductShop\03.ProductShop.csproj", "{D46C818A-A25D-432C-AC40-43726676CE45}"
EndProject
Project("{FAE04EC0-301F-11D3-BF4B-00C04F79EFBC}") = "04.CitiesByContinentAndCountry", "04.CitiesByContinentAndCountry\04.CitiesByContinentAndCountry.csproj", "{98F755EC-85D9-4299-BB29-785B6E0E5177}"
EndProject
Project("{FAE04EC0-301F-11D3-BF4B-00C04F79EFBC}") = "05.RecordUniqueNames", "05.RecordUniqueNames\05.RecordUniqueNames.csproj", "{069F1E8D-12FD-428F-BDE6-E91B0A1E58CD}"
EndProject
Project("{FAE04EC0-301F-11D3-BF4B-00C04F79EFBC}") = "06.ParkingLot", "06.ParkingLot\06.ParkingLot.csproj", "{B199049F-2E9A-4087-9F13-BF0652774118}"
EndProject
Project("{FAE04EC0-301F-11D3-BF4B-00C04F79EFBC}") = "07.SoftUniParty", "07.SoftUniParty\07.SoftUniParty.csproj", "{AA6A5FF3-7C20-451A-9B49-B74CEBB4B3CB}"
EndProject
Global
	GlobalSection(SolutionConfigurationPlatforms) = preSolution
		Debug|Any CPU = Debug|Any CPU
		Release|Any CPU = Release|Any CPU
	EndGlobalSection
	GlobalSection(ProjectConfigurationPlatforms) = postSolution
		{A60C6C78-CE6B-4F54-A938-75C6A393074C}.Debug|Any CPU.ActiveCfg = Debug|Any CPU
		{A60C6C78-CE6B-4F54-A938-75C6A393074C}.Debug|Any CPU.Build.0 = Debug|Any CPU
		{A60C6C78-CE6B-4F54-A938-75C6A393074C}.Release|Any CPU.ActiveCfg = Release|Any CPU
		{A60C6C78-CE6B-4F54-A938-75C6A393074C}.Release|Any CPU.Build.0 = Release|Any CPU
		{764FC899-3683-4DC8-B753-7B0F57E76F01}.Debug|Any CPU.ActiveCfg = Debug|Any CPU
		{764FC899-3683-4DC8-B753-7B0F57E76F01}.Debug|Any CPU.Build.0 = Debug|Any CPU
		{764FC899-3683-4DC8-B753-7B0F57E76F01}.Release|Any CPU.ActiveCfg = Release|Any CPU
		{764FC899-3683-4DC8-B753-7B0F57E76F01}.Release|Any CPU.Build.0 = Release|Any CPU
		{D46C818A-A25D-432C-AC40-43726676CE45}.Debug|Any CPU.ActiveCfg = Debug|Any CPU
		{D46C818A-A25D-432C-AC40-43726676CE45}.Debug|Any CPU.Build.0 = Debug|Any CPU
		{D46C818A-A25D-432C-AC40-43726676CE45}.Release|Any CPU.ActiveCfg = Release|Any CPU
		{D46C818A-A25D-432C-AC40-43726676CE45}.Release|Any CPU.Build.0 = Release|Any CPU
		{98F755EC-85D9-4299-BB29-785B6E0E5177}.Debug|Any CPU.ActiveCfg = Debug|Any CPU
		{98F755EC-85D9-4299-BB29-785B6E0E5177}.Debug|Any CPU.Build.0 = Debug|Any CPU
		{98F755EC-85D9-4299-BB29-785B6E0E5177}.Release|Any CPU.ActiveCfg = Release|Any CPU
		{98F755EC-85D9-4299-BB29-785B6E0E5177}.Release|Any CPU.Build.0 = Release|Any CPU
		{069F1E8D-12FD-428F-BDE6-E91B0A1E58CD}.Debug|Any CPU.ActiveCfg = Debug|Any CPU
		{069F1E8D-12FD-428F-BDE6-E91B0A1E58CD}.Debug|Any CPU.Build.0 = Debug|Any CPU
		{069F1E8D-12FD-428F-BDE6-E91B0A1E58CD}.Release|Any CPU.ActiveCfg = Release|Any CPU
		{069F1E8D-12FD-428F-BDE6-E91B0A1E58CD}.Release|Any CPU.Build.0 = Release|Any CPU
		{B199049F-2E9A-4087-9F13-BF0652774118}.Debug|Any CPU.ActiveCfg = Debug|Any CPU
		{B199049F-2E9A-4087-9F13-BF0652774118}.Debug|Any CPU.Build.0 = Debug|Any CPU
		{B199049F-2E9A-4087-9F13-BF0652774118}.Release|Any CPU.ActiveCfg = Release|Any CPU
		{B199049F-2E9A-4087-9F13-BF0652774118}.Release|Any CPU.Build.0 = Release|Any CPU
		{AA6A5FF3-7C20-451A-9B49-B74CEBB4B3CB}.Debug|Any CPU.ActiveCfg = Debug|Any CPU
		{AA6A5FF3-7C20-451A-9B49-B74CEBB4B3CB}.Debug|Any CPU.Build.0 = Debug|Any CPU
		{AA6A5FF3-7C20-451A-9B49-B74CEBB4B3CB}.Release|Any CPU.ActiveCfg = Release|Any CPU
		{AA6A5FF3-7C20-451A-9B49-B74CEBB4B3CB}.Release|Any CPU.Build.0 = Release|Any CPU
	EndGlobalSection
	GlobalSection(SolutionProperties) = preSolution
		HideSolutionNode = FALSE
	EndGlobalSection
	GlobalSection(ExtensibilityGlobals) = postSolution
		SolutionGuid = {136423CA-A2C8-48AA-928E-029516B11D30}
	EndGlobalSection
EndGlobal
