
Microsoft Visual Studio Solution File, Format Version 12.00
# Visual Studio Version 16
VisualStudioVersion = 16.0.29806.167
MinimumVisualStudioVersion = 10.0.40219.1
Project("{FAE04EC0-301F-11D3-BF4B-00C04F79EFBC}") = "Test", "Test\Test.csproj", "{9F246567-38A8-495C-A282-F8DF907620CD}"
EndProject
Project("{FAE04EC0-301F-11D3-BF4B-00C04F79EFBC}") = "ExcellentResult", "ExcellentResult\ExcellentResult.csproj", "{0A75C883-4AAB-4B0F-84AB-A80F940B58E9}"
EndProject
Project("{FAE04EC0-301F-11D3-BF4B-00C04F79EFBC}") = "GreaterNumber", "GreaterNumber\GreaterNumber.csproj", "{013F632A-074E-4513-BAA7-DE3448BCEFE3}"
EndProject
Project("{FAE04EC0-301F-11D3-BF4B-00C04F79EFBC}") = "EvenOdd", "EvenOdd\EvenOdd.csproj", "{1BEE8A22-C323-4C92-AF16-0FBBB67EEF61}"
EndProject
Project("{FAE04EC0-301F-11D3-BF4B-00C04F79EFBC}") = "Number1to9Text", "Number1to9Text\Number1to9Text.csproj", "{EB5970F2-7E94-49FE-9FF2-D8CBD76C2A1E}"
EndProject
Project("{FAE04EC0-301F-11D3-BF4B-00C04F79EFBC}") = "Number100to200", "Number100to200\Number100to200.csproj", "{1B3EFBC0-2BCB-4EEB-9D87-FDC100C0E0D7}"
EndProject
Project("{FAE04EC0-301F-11D3-BF4B-00C04F79EFBC}") = "PasswordGuess", "PasswordGuess\PasswordGuess.csproj", "{1051B402-EE3E-4B23-9767-33E729280CFE}"
EndProject
Project("{FAE04EC0-301F-11D3-BF4B-00C04F79EFBC}") = "AreaOfFigures", "AreaOfFigures\AreaOfFigures.csproj", "{CE7E9F0D-0B89-47B8-8075-47E94B16C923}"
EndProject
Project("{FAE04EC0-301F-11D3-BF4B-00C04F79EFBC}") = "ToysShop", "ToysShop\ToysShop.csproj", "{E5080913-69E0-4F89-983D-D4852680423A}"
EndProject
Global
	GlobalSection(SolutionConfigurationPlatforms) = preSolution
		Debug|Any CPU = Debug|Any CPU
		Release|Any CPU = Release|Any CPU
	EndGlobalSection
	GlobalSection(ProjectConfigurationPlatforms) = postSolution
		{9F246567-38A8-495C-A282-F8DF907620CD}.Debug|Any CPU.ActiveCfg = Debug|Any CPU
		{9F246567-38A8-495C-A282-F8DF907620CD}.Debug|Any CPU.Build.0 = Debug|Any CPU
		{9F246567-38A8-495C-A282-F8DF907620CD}.Release|Any CPU.ActiveCfg = Release|Any CPU
		{9F246567-38A8-495C-A282-F8DF907620CD}.Release|Any CPU.Build.0 = Release|Any CPU
		{0A75C883-4AAB-4B0F-84AB-A80F940B58E9}.Debug|Any CPU.ActiveCfg = Debug|Any CPU
		{0A75C883-4AAB-4B0F-84AB-A80F940B58E9}.Debug|Any CPU.Build.0 = Debug|Any CPU
		{0A75C883-4AAB-4B0F-84AB-A80F940B58E9}.Release|Any CPU.ActiveCfg = Release|Any CPU
		{0A75C883-4AAB-4B0F-84AB-A80F940B58E9}.Release|Any CPU.Build.0 = Release|Any CPU
		{013F632A-074E-4513-BAA7-DE3448BCEFE3}.Debug|Any CPU.ActiveCfg = Debug|Any CPU
		{013F632A-074E-4513-BAA7-DE3448BCEFE3}.Debug|Any CPU.Build.0 = Debug|Any CPU
		{013F632A-074E-4513-BAA7-DE3448BCEFE3}.Release|Any CPU.ActiveCfg = Release|Any CPU
		{013F632A-074E-4513-BAA7-DE3448BCEFE3}.Release|Any CPU.Build.0 = Release|Any CPU
		{1BEE8A22-C323-4C92-AF16-0FBBB67EEF61}.Debug|Any CPU.ActiveCfg = Debug|Any CPU
		{1BEE8A22-C323-4C92-AF16-0FBBB67EEF61}.Debug|Any CPU.Build.0 = Debug|Any CPU
		{1BEE8A22-C323-4C92-AF16-0FBBB67EEF61}.Release|Any CPU.ActiveCfg = Release|Any CPU
		{1BEE8A22-C323-4C92-AF16-0FBBB67EEF61}.Release|Any CPU.Build.0 = Release|Any CPU
		{EB5970F2-7E94-49FE-9FF2-D8CBD76C2A1E}.Debug|Any CPU.ActiveCfg = Debug|Any CPU
		{EB5970F2-7E94-49FE-9FF2-D8CBD76C2A1E}.Debug|Any CPU.Build.0 = Debug|Any CPU
		{EB5970F2-7E94-49FE-9FF2-D8CBD76C2A1E}.Release|Any CPU.ActiveCfg = Release|Any CPU
		{EB5970F2-7E94-49FE-9FF2-D8CBD76C2A1E}.Release|Any CPU.Build.0 = Release|Any CPU
		{1B3EFBC0-2BCB-4EEB-9D87-FDC100C0E0D7}.Debug|Any CPU.ActiveCfg = Debug|Any CPU
		{1B3EFBC0-2BCB-4EEB-9D87-FDC100C0E0D7}.Debug|Any CPU.Build.0 = Debug|Any CPU
		{1B3EFBC0-2BCB-4EEB-9D87-FDC100C0E0D7}.Release|Any CPU.ActiveCfg = Release|Any CPU
		{1B3EFBC0-2BCB-4EEB-9D87-FDC100C0E0D7}.Release|Any CPU.Build.0 = Release|Any CPU
		{1051B402-EE3E-4B23-9767-33E729280CFE}.Debug|Any CPU.ActiveCfg = Debug|Any CPU
		{1051B402-EE3E-4B23-9767-33E729280CFE}.Debug|Any CPU.Build.0 = Debug|Any CPU
		{1051B402-EE3E-4B23-9767-33E729280CFE}.Release|Any CPU.ActiveCfg = Release|Any CPU
		{1051B402-EE3E-4B23-9767-33E729280CFE}.Release|Any CPU.Build.0 = Release|Any CPU
		{CE7E9F0D-0B89-47B8-8075-47E94B16C923}.Debug|Any CPU.ActiveCfg = Debug|Any CPU
		{CE7E9F0D-0B89-47B8-8075-47E94B16C923}.Debug|Any CPU.Build.0 = Debug|Any CPU
		{CE7E9F0D-0B89-47B8-8075-47E94B16C923}.Release|Any CPU.ActiveCfg = Release|Any CPU
		{CE7E9F0D-0B89-47B8-8075-47E94B16C923}.Release|Any CPU.Build.0 = Release|Any CPU
		{E5080913-69E0-4F89-983D-D4852680423A}.Debug|Any CPU.ActiveCfg = Debug|Any CPU
		{E5080913-69E0-4F89-983D-D4852680423A}.Debug|Any CPU.Build.0 = Debug|Any CPU
		{E5080913-69E0-4F89-983D-D4852680423A}.Release|Any CPU.ActiveCfg = Release|Any CPU
		{E5080913-69E0-4F89-983D-D4852680423A}.Release|Any CPU.Build.0 = Release|Any CPU
	EndGlobalSection
	GlobalSection(SolutionProperties) = preSolution
		HideSolutionNode = FALSE
	EndGlobalSection
	GlobalSection(ExtensibilityGlobals) = postSolution
		SolutionGuid = {1FD32C32-3C98-48B1-8CA8-7385B8A3D90E}
	EndGlobalSection
EndGlobal
