
Microsoft Visual Studio Solution File, Format Version 12.00
# Visual Studio Version 16
VisualStudioVersion = 16.0.30413.136
MinimumVisualStudioVersion = 10.0.40219.1
Project("{9A19103F-16F7-4668-BE54-9A1E7A4F7556}") = "01. Library", "01.Library\01. Library.csproj", "{23EFF4C3-3F82-4261-A2BA-D0EF95265D7E}"
EndProject
Project("{FAE04EC0-301F-11D3-BF4B-00C04F79EFBC}") = "02.LibraryIterator", "02.LibraryIterator\02.LibraryIterator.csproj", "{C3CB11E8-CDDE-4B13-8168-CEB090879484}"
EndProject
Project("{FAE04EC0-301F-11D3-BF4B-00C04F79EFBC}") = "03.ComparableBook", "03.ComparableBook\03.ComparableBook.csproj", "{D5C6AFB2-CB88-4FE4-9391-2778FBF6965B}"
EndProject
Project("{FAE04EC0-301F-11D3-BF4B-00C04F79EFBC}") = "04.BookComparer", "04.BookComparer\04.BookComparer.csproj", "{C59875F5-27B5-4D3B-9E10-FF7559BE5ACB}"
EndProject
Global
	GlobalSection(SolutionConfigurationPlatforms) = preSolution
		Debug|Any CPU = Debug|Any CPU
		Release|Any CPU = Release|Any CPU
	EndGlobalSection
	GlobalSection(ProjectConfigurationPlatforms) = postSolution
		{23EFF4C3-3F82-4261-A2BA-D0EF95265D7E}.Debug|Any CPU.ActiveCfg = Debug|Any CPU
		{23EFF4C3-3F82-4261-A2BA-D0EF95265D7E}.Debug|Any CPU.Build.0 = Debug|Any CPU
		{23EFF4C3-3F82-4261-A2BA-D0EF95265D7E}.Release|Any CPU.ActiveCfg = Release|Any CPU
		{23EFF4C3-3F82-4261-A2BA-D0EF95265D7E}.Release|Any CPU.Build.0 = Release|Any CPU
		{C3CB11E8-CDDE-4B13-8168-CEB090879484}.Debug|Any CPU.ActiveCfg = Debug|Any CPU
		{C3CB11E8-CDDE-4B13-8168-CEB090879484}.Debug|Any CPU.Build.0 = Debug|Any CPU
		{C3CB11E8-CDDE-4B13-8168-CEB090879484}.Release|Any CPU.ActiveCfg = Release|Any CPU
		{C3CB11E8-CDDE-4B13-8168-CEB090879484}.Release|Any CPU.Build.0 = Release|Any CPU
		{D5C6AFB2-CB88-4FE4-9391-2778FBF6965B}.Debug|Any CPU.ActiveCfg = Debug|Any CPU
		{D5C6AFB2-CB88-4FE4-9391-2778FBF6965B}.Debug|Any CPU.Build.0 = Debug|Any CPU
		{D5C6AFB2-CB88-4FE4-9391-2778FBF6965B}.Release|Any CPU.ActiveCfg = Release|Any CPU
		{D5C6AFB2-CB88-4FE4-9391-2778FBF6965B}.Release|Any CPU.Build.0 = Release|Any CPU
		{C59875F5-27B5-4D3B-9E10-FF7559BE5ACB}.Debug|Any CPU.ActiveCfg = Debug|Any CPU
		{C59875F5-27B5-4D3B-9E10-FF7559BE5ACB}.Debug|Any CPU.Build.0 = Debug|Any CPU
		{C59875F5-27B5-4D3B-9E10-FF7559BE5ACB}.Release|Any CPU.ActiveCfg = Release|Any CPU
		{C59875F5-27B5-4D3B-9E10-FF7559BE5ACB}.Release|Any CPU.Build.0 = Release|Any CPU
	EndGlobalSection
	GlobalSection(SolutionProperties) = preSolution
		HideSolutionNode = FALSE
	EndGlobalSection
	GlobalSection(ExtensibilityGlobals) = postSolution
		SolutionGuid = {6DA645DC-060E-415C-BA9D-86BA45B7B932}
	EndGlobalSection
EndGlobal
