
Microsoft Visual Studio Solution File, Format Version 12.00
# Visual Studio Version 16
VisualStudioVersion = 16.0.30114.105
MinimumVisualStudioVersion = 10.0.40219.1
Project("{9A19103F-16F7-4668-BE54-9A1E7A4F7556}") = "01.2020April10.SecretChat", "01.SecretChat20200410\01.2020April10.SecretChat.csproj", "{5F533583-0667-456B-AE94-F726C42E86C5}"
EndProject
Project("{9A19103F-16F7-4668-BE54-9A1E7A4F7556}") = "02.2020April10.MirrorWords", "02.MirrorWords2020April10\02.2020April10.MirrorWords.csproj", "{F0E1EA70-C76A-40C1-8801-51689493D173}"
EndProject
Project("{9A19103F-16F7-4668-BE54-9A1E7A4F7556}") = "03.2020April10.NeedForSpeedIII", "03.NeedForSpeedIII2020April10\03.2020April10.NeedForSpeedIII.csproj", "{216425C9-3A1F-4E2A-B946-336A0544F991}"
EndProject
Project("{9A19103F-16F7-4668-BE54-9A1E7A4F7556}") = "01.2019April04.PasswordReset", "01.2010April04.PasswordReset\01.2019April04.PasswordReset.csproj", "{C54A1E48-121E-44E5-99B3-52CADBE0B98B}"
EndProject
Project("{9A19103F-16F7-4668-BE54-9A1E7A4F7556}") = "02.2020April04FancyBarcodes", "02.2020April04FancyBarcodes\02.2020April04FancyBarcodes.csproj", "{9EBD355C-2B88-4E3A-9FF5-DA67E5D9E0DB}"
EndProject
Project("{9A19103F-16F7-4668-BE54-9A1E7A4F7556}") = "03.2020April04HeroesOfCodeAndLogicVII", "03.2020April04HeroesOfCodeAndLogicVII\03.2020April04HeroesOfCodeAndLogicVII.csproj", "{2181F3DC-4F08-466A-B99F-CB6917D0A482}"
EndProject
Project("{9A19103F-16F7-4668-BE54-9A1E7A4F7556}") = "01.2020April04ActivationKeys", "01.2020April04ActivationKeys\01.2020April04ActivationKeys.csproj", "{A968F6E7-7DF9-461C-97F5-CFC153F1F2A6}"
EndProject
Project("{9A19103F-16F7-4668-BE54-9A1E7A4F7556}") = "02.2020April04EmojiDetector", "02.2020April04EmojiDetector\02.2020April04EmojiDetector.csproj", "{8A62A924-A981-40CB-AF2C-11646F9835F2}"
EndProject
Project("{9A19103F-16F7-4668-BE54-9A1E7A4F7556}") = "03.2020April04P!rates", "03.2020April04P!rates\03.2020April04P!rates.csproj", "{8B4B6A36-B925-431A-9030-CA6E3C3861DB}"
EndProject
Project("{9A19103F-16F7-4668-BE54-9A1E7A4F7556}") = "01.2019December13Warrior'sQuest", "01.2019December13Warrior'sQuest\01.2019December13Warrior'sQuest.csproj", "{6242C28F-48EE-4D77-9592-588026B5A6A5}"
EndProject
Project("{9A19103F-16F7-4668-BE54-9A1E7A4F7556}") = "02.2019December13BossRush", "02.2019December13BossRush\02.2019December13BossRush.csproj", "{59A11EAE-07AB-443C-A47A-172D7865D627}"
EndProject
Project("{9A19103F-16F7-4668-BE54-9A1E7A4F7556}") = "03.2019December13HeroRecruitment", "03.2019December13HeroRecruitment\03.2019December13HeroRecruitment.csproj", "{9DE0FB23-ABC6-44F1-907F-5AA4403017B0}"
EndProject
Project("{9A19103F-16F7-4668-BE54-9A1E7A4F7556}") = "01.2019December07Nikulden’sCharity", "01.2019December07Nikulden’sCharity\01.2019December07Nikulden’sCharity.csproj", "{65891247-D3D3-465B-883A-C14754C08196}"
EndProject
Project("{9A19103F-16F7-4668-BE54-9A1E7A4F7556}") = "02.2019December07MessageTranslator", "02.2020December07MessageTranslator\02.2019December07MessageTranslator.csproj", "{84F4B695-0F11-41DA-AD0C-2050032CC742}"
EndProject
Project("{9A19103F-16F7-4668-BE54-9A1E7A4F7556}") = "03.2019December07Nikulden’smeals", "03.2019December07Nikulden’smeals\03.2019December07Nikulden’smeals.csproj", "{C8B538CE-8D6D-4C1D-86F3-F9E0BDC4D4C1}"
EndProject
Project("{9A19103F-16F7-4668-BE54-9A1E7A4F7556}") = "01.2019December07EmailValidator", "01.2019December07EmailValidator\01.2019December07EmailValidator.csproj", "{FCCDFF9F-496C-4AD8-ADBF-CE593DDC505C}"
EndProject
Project("{9A19103F-16F7-4668-BE54-9A1E7A4F7556}") = "02.2019December07Registration", "02.2019December07Registration\02.2019December07Registration.csproj", "{2EDD7EE4-5A5B-4A4E-A48E-E9F517D711D5}"
EndProject
Project("{9A19103F-16F7-4668-BE54-9A1E7A4F7556}") = "03.2019December07InboxManager", "03.2019December07InboxManager\03.2019December07InboxManager.csproj", "{FE3EF577-AED2-4CE5-A3AB-F9705A722278}"
EndProject
Project("{9A19103F-16F7-4668-BE54-9A1E7A4F7556}") = "01.2019August09Username", "1.2019August09Username\01.2019August09Username.csproj", "{B78AE7B4-82AE-4B41-9D41-A7C55632D56F}"
EndProject
Project("{9A19103F-16F7-4668-BE54-9A1E7A4F7556}") = "02.2019August09Password", "02.2019August09\02.2019August09Password.csproj", "{EB18E55F-722E-4BD5-B68C-CE5CD32842A2}"
EndProject
Project("{9A19103F-16F7-4668-BE54-9A1E7A4F7556}") = "03.2019August09Followers", "03.2019August09Followers\03.2019August09Followers.csproj", "{EB2D0AD7-F380-473F-A10A-DE3E1F754E54}"
EndProject
Project("{9A19103F-16F7-4668-BE54-9A1E7A4F7556}") = "01.2019August03String Manipulator", "01.2019August03String Manipulator\01.2019August03String Manipulator.csproj", "{C4383711-3DF8-4B19-83E7-D2A148188D05}"
EndProject
Project("{9A19103F-16F7-4668-BE54-9A1E7A4F7556}") = "02.2019August03Message Encrypter", "02.2019August03Message Encrypter\02.2019August03Message Encrypter.csproj", "{F985A371-828E-4413-8520-E23345FA5F8F}"
EndProject
Project("{9A19103F-16F7-4668-BE54-9A1E7A4F7556}") = "03.2019August03BattleManager", "03.2019August03BattleManager\03.2019August03BattleManager.csproj", "{45BB2354-BEC6-4BF7-B7B6-69D3DA7C854F}"
EndProject
Project("{9A19103F-16F7-4668-BE54-9A1E7A4F7556}") = "01.2019August03StringManipulatorGr1", "01.2019August03StringManipulatorGr1\01.2019August03StringManipulatorGr1.csproj", "{069A3F5B-60F8-410C-9DBF-7ACDD51F6D0A}"
EndProject
Project("{9A19103F-16F7-4668-BE54-9A1E7A4F7556}") = "02.2019August03MessageDecrypter", "02.2019August03MessageDecrypter\02.2019August03MessageDecrypter.csproj", "{319D2C54-1FCD-40B1-ABD2-35B3226B790A}"
EndProject
Project("{9A19103F-16F7-4668-BE54-9A1E7A4F7556}") = "03.2019August03MessagesManager", "03.2019August03MessagesManager\03.2019August03MessagesManager.csproj", "{C9BE8F33-8E6E-456D-A2CD-72C095456367}"
EndProject
Project("{9A19103F-16F7-4668-BE54-9A1E7A4F7556}") = "01.2020August09WorldTour", "01.2020.August09WorldTour\01.2020August09WorldTour.csproj", "{D08EADEC-03CD-4FF9-95AC-A8B04C6F0CE7}"
EndProject
Project("{9A19103F-16F7-4668-BE54-9A1E7A4F7556}") = "02.2020August09DestinationMapper", "02.2020August09DestinationMapper\02.2020August09DestinationMapper.csproj", "{9BAE256D-1CD0-49D0-BF82-B95AC8452D73}"
EndProject
Project("{9A19103F-16F7-4668-BE54-9A1E7A4F7556}") = "03.2020August09PlantDiscovery", "03.2020August09PlantDiscovery\03.2020August09PlantDiscovery.csproj", "{ECD3FFC1-DE5B-4941-BC9C-92DABAB058AB}"
EndProject
Global
	GlobalSection(SolutionConfigurationPlatforms) = preSolution
		Debug|Any CPU = Debug|Any CPU
		Release|Any CPU = Release|Any CPU
	EndGlobalSection
	GlobalSection(ProjectConfigurationPlatforms) = postSolution
		{5F533583-0667-456B-AE94-F726C42E86C5}.Debug|Any CPU.ActiveCfg = Debug|Any CPU
		{5F533583-0667-456B-AE94-F726C42E86C5}.Debug|Any CPU.Build.0 = Debug|Any CPU
		{5F533583-0667-456B-AE94-F726C42E86C5}.Release|Any CPU.ActiveCfg = Release|Any CPU
		{5F533583-0667-456B-AE94-F726C42E86C5}.Release|Any CPU.Build.0 = Release|Any CPU
		{F0E1EA70-C76A-40C1-8801-51689493D173}.Debug|Any CPU.ActiveCfg = Debug|Any CPU
		{F0E1EA70-C76A-40C1-8801-51689493D173}.Debug|Any CPU.Build.0 = Debug|Any CPU
		{F0E1EA70-C76A-40C1-8801-51689493D173}.Release|Any CPU.ActiveCfg = Release|Any CPU
		{F0E1EA70-C76A-40C1-8801-51689493D173}.Release|Any CPU.Build.0 = Release|Any CPU
		{216425C9-3A1F-4E2A-B946-336A0544F991}.Debug|Any CPU.ActiveCfg = Debug|Any CPU
		{216425C9-3A1F-4E2A-B946-336A0544F991}.Debug|Any CPU.Build.0 = Debug|Any CPU
		{216425C9-3A1F-4E2A-B946-336A0544F991}.Release|Any CPU.ActiveCfg = Release|Any CPU
		{216425C9-3A1F-4E2A-B946-336A0544F991}.Release|Any CPU.Build.0 = Release|Any CPU
		{C54A1E48-121E-44E5-99B3-52CADBE0B98B}.Debug|Any CPU.ActiveCfg = Debug|Any CPU
		{C54A1E48-121E-44E5-99B3-52CADBE0B98B}.Debug|Any CPU.Build.0 = Debug|Any CPU
		{C54A1E48-121E-44E5-99B3-52CADBE0B98B}.Release|Any CPU.ActiveCfg = Release|Any CPU
		{C54A1E48-121E-44E5-99B3-52CADBE0B98B}.Release|Any CPU.Build.0 = Release|Any CPU
		{9EBD355C-2B88-4E3A-9FF5-DA67E5D9E0DB}.Debug|Any CPU.ActiveCfg = Debug|Any CPU
		{9EBD355C-2B88-4E3A-9FF5-DA67E5D9E0DB}.Debug|Any CPU.Build.0 = Debug|Any CPU
		{9EBD355C-2B88-4E3A-9FF5-DA67E5D9E0DB}.Release|Any CPU.ActiveCfg = Release|Any CPU
		{9EBD355C-2B88-4E3A-9FF5-DA67E5D9E0DB}.Release|Any CPU.Build.0 = Release|Any CPU
		{2181F3DC-4F08-466A-B99F-CB6917D0A482}.Debug|Any CPU.ActiveCfg = Debug|Any CPU
		{2181F3DC-4F08-466A-B99F-CB6917D0A482}.Debug|Any CPU.Build.0 = Debug|Any CPU
		{2181F3DC-4F08-466A-B99F-CB6917D0A482}.Release|Any CPU.ActiveCfg = Release|Any CPU
		{2181F3DC-4F08-466A-B99F-CB6917D0A482}.Release|Any CPU.Build.0 = Release|Any CPU
		{A968F6E7-7DF9-461C-97F5-CFC153F1F2A6}.Debug|Any CPU.ActiveCfg = Debug|Any CPU
		{A968F6E7-7DF9-461C-97F5-CFC153F1F2A6}.Debug|Any CPU.Build.0 = Debug|Any CPU
		{A968F6E7-7DF9-461C-97F5-CFC153F1F2A6}.Release|Any CPU.ActiveCfg = Release|Any CPU
		{A968F6E7-7DF9-461C-97F5-CFC153F1F2A6}.Release|Any CPU.Build.0 = Release|Any CPU
		{8A62A924-A981-40CB-AF2C-11646F9835F2}.Debug|Any CPU.ActiveCfg = Debug|Any CPU
		{8A62A924-A981-40CB-AF2C-11646F9835F2}.Debug|Any CPU.Build.0 = Debug|Any CPU
		{8A62A924-A981-40CB-AF2C-11646F9835F2}.Release|Any CPU.ActiveCfg = Release|Any CPU
		{8A62A924-A981-40CB-AF2C-11646F9835F2}.Release|Any CPU.Build.0 = Release|Any CPU
		{8B4B6A36-B925-431A-9030-CA6E3C3861DB}.Debug|Any CPU.ActiveCfg = Debug|Any CPU
		{8B4B6A36-B925-431A-9030-CA6E3C3861DB}.Debug|Any CPU.Build.0 = Debug|Any CPU
		{8B4B6A36-B925-431A-9030-CA6E3C3861DB}.Release|Any CPU.ActiveCfg = Release|Any CPU
		{8B4B6A36-B925-431A-9030-CA6E3C3861DB}.Release|Any CPU.Build.0 = Release|Any CPU
		{6242C28F-48EE-4D77-9592-588026B5A6A5}.Debug|Any CPU.ActiveCfg = Debug|Any CPU
		{6242C28F-48EE-4D77-9592-588026B5A6A5}.Debug|Any CPU.Build.0 = Debug|Any CPU
		{6242C28F-48EE-4D77-9592-588026B5A6A5}.Release|Any CPU.ActiveCfg = Release|Any CPU
		{6242C28F-48EE-4D77-9592-588026B5A6A5}.Release|Any CPU.Build.0 = Release|Any CPU
		{59A11EAE-07AB-443C-A47A-172D7865D627}.Debug|Any CPU.ActiveCfg = Debug|Any CPU
		{59A11EAE-07AB-443C-A47A-172D7865D627}.Debug|Any CPU.Build.0 = Debug|Any CPU
		{59A11EAE-07AB-443C-A47A-172D7865D627}.Release|Any CPU.ActiveCfg = Release|Any CPU
		{59A11EAE-07AB-443C-A47A-172D7865D627}.Release|Any CPU.Build.0 = Release|Any CPU
		{9DE0FB23-ABC6-44F1-907F-5AA4403017B0}.Debug|Any CPU.ActiveCfg = Debug|Any CPU
		{9DE0FB23-ABC6-44F1-907F-5AA4403017B0}.Debug|Any CPU.Build.0 = Debug|Any CPU
		{9DE0FB23-ABC6-44F1-907F-5AA4403017B0}.Release|Any CPU.ActiveCfg = Release|Any CPU
		{9DE0FB23-ABC6-44F1-907F-5AA4403017B0}.Release|Any CPU.Build.0 = Release|Any CPU
		{65891247-D3D3-465B-883A-C14754C08196}.Debug|Any CPU.ActiveCfg = Debug|Any CPU
		{65891247-D3D3-465B-883A-C14754C08196}.Debug|Any CPU.Build.0 = Debug|Any CPU
		{65891247-D3D3-465B-883A-C14754C08196}.Release|Any CPU.ActiveCfg = Release|Any CPU
		{65891247-D3D3-465B-883A-C14754C08196}.Release|Any CPU.Build.0 = Release|Any CPU
		{84F4B695-0F11-41DA-AD0C-2050032CC742}.Debug|Any CPU.ActiveCfg = Debug|Any CPU
		{84F4B695-0F11-41DA-AD0C-2050032CC742}.Debug|Any CPU.Build.0 = Debug|Any CPU
		{84F4B695-0F11-41DA-AD0C-2050032CC742}.Release|Any CPU.ActiveCfg = Release|Any CPU
		{84F4B695-0F11-41DA-AD0C-2050032CC742}.Release|Any CPU.Build.0 = Release|Any CPU
		{C8B538CE-8D6D-4C1D-86F3-F9E0BDC4D4C1}.Debug|Any CPU.ActiveCfg = Debug|Any CPU
		{C8B538CE-8D6D-4C1D-86F3-F9E0BDC4D4C1}.Debug|Any CPU.Build.0 = Debug|Any CPU
		{C8B538CE-8D6D-4C1D-86F3-F9E0BDC4D4C1}.Release|Any CPU.ActiveCfg = Release|Any CPU
		{C8B538CE-8D6D-4C1D-86F3-F9E0BDC4D4C1}.Release|Any CPU.Build.0 = Release|Any CPU
		{FCCDFF9F-496C-4AD8-ADBF-CE593DDC505C}.Debug|Any CPU.ActiveCfg = Debug|Any CPU
		{FCCDFF9F-496C-4AD8-ADBF-CE593DDC505C}.Debug|Any CPU.Build.0 = Debug|Any CPU
		{FCCDFF9F-496C-4AD8-ADBF-CE593DDC505C}.Release|Any CPU.ActiveCfg = Release|Any CPU
		{FCCDFF9F-496C-4AD8-ADBF-CE593DDC505C}.Release|Any CPU.Build.0 = Release|Any CPU
		{2EDD7EE4-5A5B-4A4E-A48E-E9F517D711D5}.Debug|Any CPU.ActiveCfg = Debug|Any CPU
		{2EDD7EE4-5A5B-4A4E-A48E-E9F517D711D5}.Debug|Any CPU.Build.0 = Debug|Any CPU
		{2EDD7EE4-5A5B-4A4E-A48E-E9F517D711D5}.Release|Any CPU.ActiveCfg = Release|Any CPU
		{2EDD7EE4-5A5B-4A4E-A48E-E9F517D711D5}.Release|Any CPU.Build.0 = Release|Any CPU
		{FE3EF577-AED2-4CE5-A3AB-F9705A722278}.Debug|Any CPU.ActiveCfg = Debug|Any CPU
		{FE3EF577-AED2-4CE5-A3AB-F9705A722278}.Debug|Any CPU.Build.0 = Debug|Any CPU
		{FE3EF577-AED2-4CE5-A3AB-F9705A722278}.Release|Any CPU.ActiveCfg = Release|Any CPU
		{FE3EF577-AED2-4CE5-A3AB-F9705A722278}.Release|Any CPU.Build.0 = Release|Any CPU
		{B78AE7B4-82AE-4B41-9D41-A7C55632D56F}.Debug|Any CPU.ActiveCfg = Debug|Any CPU
		{B78AE7B4-82AE-4B41-9D41-A7C55632D56F}.Debug|Any CPU.Build.0 = Debug|Any CPU
		{B78AE7B4-82AE-4B41-9D41-A7C55632D56F}.Release|Any CPU.ActiveCfg = Release|Any CPU
		{B78AE7B4-82AE-4B41-9D41-A7C55632D56F}.Release|Any CPU.Build.0 = Release|Any CPU
		{EB18E55F-722E-4BD5-B68C-CE5CD32842A2}.Debug|Any CPU.ActiveCfg = Debug|Any CPU
		{EB18E55F-722E-4BD5-B68C-CE5CD32842A2}.Debug|Any CPU.Build.0 = Debug|Any CPU
		{EB18E55F-722E-4BD5-B68C-CE5CD32842A2}.Release|Any CPU.ActiveCfg = Release|Any CPU
		{EB18E55F-722E-4BD5-B68C-CE5CD32842A2}.Release|Any CPU.Build.0 = Release|Any CPU
		{EB2D0AD7-F380-473F-A10A-DE3E1F754E54}.Debug|Any CPU.ActiveCfg = Debug|Any CPU
		{EB2D0AD7-F380-473F-A10A-DE3E1F754E54}.Debug|Any CPU.Build.0 = Debug|Any CPU
		{EB2D0AD7-F380-473F-A10A-DE3E1F754E54}.Release|Any CPU.ActiveCfg = Release|Any CPU
		{EB2D0AD7-F380-473F-A10A-DE3E1F754E54}.Release|Any CPU.Build.0 = Release|Any CPU
		{C4383711-3DF8-4B19-83E7-D2A148188D05}.Debug|Any CPU.ActiveCfg = Debug|Any CPU
		{C4383711-3DF8-4B19-83E7-D2A148188D05}.Debug|Any CPU.Build.0 = Debug|Any CPU
		{C4383711-3DF8-4B19-83E7-D2A148188D05}.Release|Any CPU.ActiveCfg = Release|Any CPU
		{C4383711-3DF8-4B19-83E7-D2A148188D05}.Release|Any CPU.Build.0 = Release|Any CPU
		{F985A371-828E-4413-8520-E23345FA5F8F}.Debug|Any CPU.ActiveCfg = Debug|Any CPU
		{F985A371-828E-4413-8520-E23345FA5F8F}.Debug|Any CPU.Build.0 = Debug|Any CPU
		{F985A371-828E-4413-8520-E23345FA5F8F}.Release|Any CPU.ActiveCfg = Release|Any CPU
		{F985A371-828E-4413-8520-E23345FA5F8F}.Release|Any CPU.Build.0 = Release|Any CPU
		{45BB2354-BEC6-4BF7-B7B6-69D3DA7C854F}.Debug|Any CPU.ActiveCfg = Debug|Any CPU
		{45BB2354-BEC6-4BF7-B7B6-69D3DA7C854F}.Debug|Any CPU.Build.0 = Debug|Any CPU
		{45BB2354-BEC6-4BF7-B7B6-69D3DA7C854F}.Release|Any CPU.ActiveCfg = Release|Any CPU
		{45BB2354-BEC6-4BF7-B7B6-69D3DA7C854F}.Release|Any CPU.Build.0 = Release|Any CPU
		{069A3F5B-60F8-410C-9DBF-7ACDD51F6D0A}.Debug|Any CPU.ActiveCfg = Debug|Any CPU
		{069A3F5B-60F8-410C-9DBF-7ACDD51F6D0A}.Debug|Any CPU.Build.0 = Debug|Any CPU
		{069A3F5B-60F8-410C-9DBF-7ACDD51F6D0A}.Release|Any CPU.ActiveCfg = Release|Any CPU
		{069A3F5B-60F8-410C-9DBF-7ACDD51F6D0A}.Release|Any CPU.Build.0 = Release|Any CPU
		{319D2C54-1FCD-40B1-ABD2-35B3226B790A}.Debug|Any CPU.ActiveCfg = Debug|Any CPU
		{319D2C54-1FCD-40B1-ABD2-35B3226B790A}.Debug|Any CPU.Build.0 = Debug|Any CPU
		{319D2C54-1FCD-40B1-ABD2-35B3226B790A}.Release|Any CPU.ActiveCfg = Release|Any CPU
		{319D2C54-1FCD-40B1-ABD2-35B3226B790A}.Release|Any CPU.Build.0 = Release|Any CPU
		{C9BE8F33-8E6E-456D-A2CD-72C095456367}.Debug|Any CPU.ActiveCfg = Debug|Any CPU
		{C9BE8F33-8E6E-456D-A2CD-72C095456367}.Debug|Any CPU.Build.0 = Debug|Any CPU
		{C9BE8F33-8E6E-456D-A2CD-72C095456367}.Release|Any CPU.ActiveCfg = Release|Any CPU
		{C9BE8F33-8E6E-456D-A2CD-72C095456367}.Release|Any CPU.Build.0 = Release|Any CPU
		{D08EADEC-03CD-4FF9-95AC-A8B04C6F0CE7}.Debug|Any CPU.ActiveCfg = Debug|Any CPU
		{D08EADEC-03CD-4FF9-95AC-A8B04C6F0CE7}.Debug|Any CPU.Build.0 = Debug|Any CPU
		{D08EADEC-03CD-4FF9-95AC-A8B04C6F0CE7}.Release|Any CPU.ActiveCfg = Release|Any CPU
		{D08EADEC-03CD-4FF9-95AC-A8B04C6F0CE7}.Release|Any CPU.Build.0 = Release|Any CPU
		{9BAE256D-1CD0-49D0-BF82-B95AC8452D73}.Debug|Any CPU.ActiveCfg = Debug|Any CPU
		{9BAE256D-1CD0-49D0-BF82-B95AC8452D73}.Debug|Any CPU.Build.0 = Debug|Any CPU
		{9BAE256D-1CD0-49D0-BF82-B95AC8452D73}.Release|Any CPU.ActiveCfg = Release|Any CPU
		{9BAE256D-1CD0-49D0-BF82-B95AC8452D73}.Release|Any CPU.Build.0 = Release|Any CPU
		{ECD3FFC1-DE5B-4941-BC9C-92DABAB058AB}.Debug|Any CPU.ActiveCfg = Debug|Any CPU
		{ECD3FFC1-DE5B-4941-BC9C-92DABAB058AB}.Debug|Any CPU.Build.0 = Debug|Any CPU
		{ECD3FFC1-DE5B-4941-BC9C-92DABAB058AB}.Release|Any CPU.ActiveCfg = Release|Any CPU
		{ECD3FFC1-DE5B-4941-BC9C-92DABAB058AB}.Release|Any CPU.Build.0 = Release|Any CPU
	EndGlobalSection
	GlobalSection(SolutionProperties) = preSolution
		HideSolutionNode = FALSE
	EndGlobalSection
	GlobalSection(ExtensibilityGlobals) = postSolution
		SolutionGuid = {96DF810D-ECE7-40B0-800B-9F8DCDC4798A}
	EndGlobalSection
EndGlobal
