
Microsoft Visual Studio Solution File, Format Version 12.00
# Visual Studio Version 16
VisualStudioVersion = 16.0.30002.166
MinimumVisualStudioVersion = 10.0.40219.1
Project("{FAE04EC0-301F-11D3-BF4B-00C04F79EFBC}") = "01.ConvertMetersToKilometers", "01.ConvertMetersToKilometers\01.ConvertMetersToKilometers.csproj", "{53C8BE43-A74B-45F1-9B3A-5EB3BF08B817}"
EndProject
Project("{FAE04EC0-301F-11D3-BF4B-00C04F79EFBC}") = "02.PoundsToDollars", "02.PoundsToDollars\02.PoundsToDollars.csproj", "{0C0D52E3-1DF4-4396-B397-2A7EB5704D52}"
EndProject
Project("{FAE04EC0-301F-11D3-BF4B-00C04F79EFBC}") = "03.ExactSumOfRealNumbers", "03.ExactSumOfRealNumbers\03.ExactSumOfRealNumbers.csproj", "{69F503B1-71CE-4F5E-B33B-7E8A3947B2A4}"
EndProject
Project("{FAE04EC0-301F-11D3-BF4B-00C04F79EFBC}") = "04.CenturiesToMinutes", "04.CenturiesToMinutes\04.CenturiesToMinutes.csproj", "{1F0C4343-DB5E-4707-B346-76206A8CB30D}"
EndProject
Project("{FAE04EC0-301F-11D3-BF4B-00C04F79EFBC}") = "05.SpecialNumbers", "05.SpecialNumbers\05.SpecialNumbers.csproj", "{A471ACFB-FA33-439E-8A86-D2C1334E052A}"
EndProject
Project("{FAE04EC0-301F-11D3-BF4B-00C04F79EFBC}") = "06.ReversedChars", "06.ReversedChars\06.ReversedChars.csproj", "{FA1B8698-0B3F-4C98-BC81-BAE895D0B43E}"
EndProject
Project("{FAE04EC0-301F-11D3-BF4B-00C04F79EFBC}") = "07.ConcatNames", "07.ConcatNames\07.ConcatNames.csproj", "{7B3A151F-6175-4DF1-9C1A-840BB3240841}"
EndProject
Project("{FAE04EC0-301F-11D3-BF4B-00C04F79EFBC}") = "08.TownInfo", "08.TownInfo\08.TownInfo.csproj", "{572AC653-CE7D-465C-9897-2580B040BBBE}"
EndProject
Project("{FAE04EC0-301F-11D3-BF4B-00C04F79EFBC}") = "09.CharsToString", "09.CharsToString\09.CharsToString.csproj", "{8A14A083-E431-4B87-B56B-76523A0FE5FF}"
EndProject
Project("{FAE04EC0-301F-11D3-BF4B-00C04F79EFBC}") = "10.LowerOrUpper", "10.LowerOrUpper\10.LowerOrUpper.csproj", "{4B39D4DA-CD29-4729-A80F-B59C3C027E08}"
EndProject
Project("{FAE04EC0-301F-11D3-BF4B-00C04F79EFBC}") = "11.RefactorVolumeOfPyramid", "11.RefactorVolumeOfPyramid\11.RefactorVolumeOfPyramid.csproj", "{C48F758A-7704-47B6-9499-EB9A82529E54}"
EndProject
Project("{FAE04EC0-301F-11D3-BF4B-00C04F79EFBC}") = "12.RefactorSpecialNumbers", "12.RefactorSpecialNumbers\12.RefactorSpecialNumbers.csproj", "{E696817E-A193-4BDA-ACCA-CE93A4A5BF0E}"
EndProject
Global
	GlobalSection(SolutionConfigurationPlatforms) = preSolution
		Debug|Any CPU = Debug|Any CPU
		Release|Any CPU = Release|Any CPU
	EndGlobalSection
	GlobalSection(ProjectConfigurationPlatforms) = postSolution
		{53C8BE43-A74B-45F1-9B3A-5EB3BF08B817}.Debug|Any CPU.ActiveCfg = Debug|Any CPU
		{53C8BE43-A74B-45F1-9B3A-5EB3BF08B817}.Debug|Any CPU.Build.0 = Debug|Any CPU
		{53C8BE43-A74B-45F1-9B3A-5EB3BF08B817}.Release|Any CPU.ActiveCfg = Release|Any CPU
		{53C8BE43-A74B-45F1-9B3A-5EB3BF08B817}.Release|Any CPU.Build.0 = Release|Any CPU
		{0C0D52E3-1DF4-4396-B397-2A7EB5704D52}.Debug|Any CPU.ActiveCfg = Debug|Any CPU
		{0C0D52E3-1DF4-4396-B397-2A7EB5704D52}.Debug|Any CPU.Build.0 = Debug|Any CPU
		{0C0D52E3-1DF4-4396-B397-2A7EB5704D52}.Release|Any CPU.ActiveCfg = Release|Any CPU
		{0C0D52E3-1DF4-4396-B397-2A7EB5704D52}.Release|Any CPU.Build.0 = Release|Any CPU
		{69F503B1-71CE-4F5E-B33B-7E8A3947B2A4}.Debug|Any CPU.ActiveCfg = Debug|Any CPU
		{69F503B1-71CE-4F5E-B33B-7E8A3947B2A4}.Debug|Any CPU.Build.0 = Debug|Any CPU
		{69F503B1-71CE-4F5E-B33B-7E8A3947B2A4}.Release|Any CPU.ActiveCfg = Release|Any CPU
		{69F503B1-71CE-4F5E-B33B-7E8A3947B2A4}.Release|Any CPU.Build.0 = Release|Any CPU
		{1F0C4343-DB5E-4707-B346-76206A8CB30D}.Debug|Any CPU.ActiveCfg = Debug|Any CPU
		{1F0C4343-DB5E-4707-B346-76206A8CB30D}.Debug|Any CPU.Build.0 = Debug|Any CPU
		{1F0C4343-DB5E-4707-B346-76206A8CB30D}.Release|Any CPU.ActiveCfg = Release|Any CPU
		{1F0C4343-DB5E-4707-B346-76206A8CB30D}.Release|Any CPU.Build.0 = Release|Any CPU
		{A471ACFB-FA33-439E-8A86-D2C1334E052A}.Debug|Any CPU.ActiveCfg = Debug|Any CPU
		{A471ACFB-FA33-439E-8A86-D2C1334E052A}.Debug|Any CPU.Build.0 = Debug|Any CPU
		{A471ACFB-FA33-439E-8A86-D2C1334E052A}.Release|Any CPU.ActiveCfg = Release|Any CPU
		{A471ACFB-FA33-439E-8A86-D2C1334E052A}.Release|Any CPU.Build.0 = Release|Any CPU
		{FA1B8698-0B3F-4C98-BC81-BAE895D0B43E}.Debug|Any CPU.ActiveCfg = Debug|Any CPU
		{FA1B8698-0B3F-4C98-BC81-BAE895D0B43E}.Debug|Any CPU.Build.0 = Debug|Any CPU
		{FA1B8698-0B3F-4C98-BC81-BAE895D0B43E}.Release|Any CPU.ActiveCfg = Release|Any CPU
		{FA1B8698-0B3F-4C98-BC81-BAE895D0B43E}.Release|Any CPU.Build.0 = Release|Any CPU
		{7B3A151F-6175-4DF1-9C1A-840BB3240841}.Debug|Any CPU.ActiveCfg = Debug|Any CPU
		{7B3A151F-6175-4DF1-9C1A-840BB3240841}.Debug|Any CPU.Build.0 = Debug|Any CPU
		{7B3A151F-6175-4DF1-9C1A-840BB3240841}.Release|Any CPU.ActiveCfg = Release|Any CPU
		{7B3A151F-6175-4DF1-9C1A-840BB3240841}.Release|Any CPU.Build.0 = Release|Any CPU
		{572AC653-CE7D-465C-9897-2580B040BBBE}.Debug|Any CPU.ActiveCfg = Debug|Any CPU
		{572AC653-CE7D-465C-9897-2580B040BBBE}.Debug|Any CPU.Build.0 = Debug|Any CPU
		{572AC653-CE7D-465C-9897-2580B040BBBE}.Release|Any CPU.ActiveCfg = Release|Any CPU
		{572AC653-CE7D-465C-9897-2580B040BBBE}.Release|Any CPU.Build.0 = Release|Any CPU
		{8A14A083-E431-4B87-B56B-76523A0FE5FF}.Debug|Any CPU.ActiveCfg = Debug|Any CPU
		{8A14A083-E431-4B87-B56B-76523A0FE5FF}.Debug|Any CPU.Build.0 = Debug|Any CPU
		{8A14A083-E431-4B87-B56B-76523A0FE5FF}.Release|Any CPU.ActiveCfg = Release|Any CPU
		{8A14A083-E431-4B87-B56B-76523A0FE5FF}.Release|Any CPU.Build.0 = Release|Any CPU
		{4B39D4DA-CD29-4729-A80F-B59C3C027E08}.Debug|Any CPU.ActiveCfg = Debug|Any CPU
		{4B39D4DA-CD29-4729-A80F-B59C3C027E08}.Debug|Any CPU.Build.0 = Debug|Any CPU
		{4B39D4DA-CD29-4729-A80F-B59C3C027E08}.Release|Any CPU.ActiveCfg = Release|Any CPU
		{4B39D4DA-CD29-4729-A80F-B59C3C027E08}.Release|Any CPU.Build.0 = Release|Any CPU
		{C48F758A-7704-47B6-9499-EB9A82529E54}.Debug|Any CPU.ActiveCfg = Debug|Any CPU
		{C48F758A-7704-47B6-9499-EB9A82529E54}.Debug|Any CPU.Build.0 = Debug|Any CPU
		{C48F758A-7704-47B6-9499-EB9A82529E54}.Release|Any CPU.ActiveCfg = Release|Any CPU
		{C48F758A-7704-47B6-9499-EB9A82529E54}.Release|Any CPU.Build.0 = Release|Any CPU
		{E696817E-A193-4BDA-ACCA-CE93A4A5BF0E}.Debug|Any CPU.ActiveCfg = Debug|Any CPU
		{E696817E-A193-4BDA-ACCA-CE93A4A5BF0E}.Debug|Any CPU.Build.0 = Debug|Any CPU
		{E696817E-A193-4BDA-ACCA-CE93A4A5BF0E}.Release|Any CPU.ActiveCfg = Release|Any CPU
		{E696817E-A193-4BDA-ACCA-CE93A4A5BF0E}.Release|Any CPU.Build.0 = Release|Any CPU
	EndGlobalSection
	GlobalSection(SolutionProperties) = preSolution
		HideSolutionNode = FALSE
	EndGlobalSection
	GlobalSection(ExtensibilityGlobals) = postSolution
		SolutionGuid = {6CCC4188-092D-403E-94F1-886503FFBD34}
	EndGlobalSection
EndGlobal
