
Microsoft Visual Studio Solution File, Format Version 12.00
# Visual Studio Version 16
VisualStudioVersion = 16.0.30114.105
MinimumVisualStudioVersion = 10.0.40219.1
Project("{9A19103F-16F7-4668-BE54-9A1E7A4F7556}") = "01.Furniture", "01.Furniture\01.Furniture.csproj", "{D4C3668F-DD3A-454D-884D-B996C7186824}"
EndProject
Project("{9A19103F-16F7-4668-BE54-9A1E7A4F7556}") = "02.Race", "02.Race\02.Race.csproj", "{E105B828-EB9C-4D2D-8215-99FFA25C2FA8}"
EndProject
Project("{9A19103F-16F7-4668-BE54-9A1E7A4F7556}") = "03.SoftUniBarIncome", "03.SoftUniBarIncome\03.SoftUniBarIncome.csproj", "{8B0C8085-F598-4B46-A6E1-F0AAB5BB3D0B}"
EndProject
Project("{FAE04EC0-301F-11D3-BF4B-00C04F79EFBC}") = "04.StarEnigma", "04.StarEnigma\04.StarEnigma.csproj", "{DE8A39C5-2C83-4F9F-A784-7BB861589C88}"
EndProject
Project("{FAE04EC0-301F-11D3-BF4B-00C04F79EFBC}") = "05.NetherRealms", "05.NetherRealms\05.NetherRealms.csproj", "{B1A67643-63A5-4557-BD94-EE23CAA5E86F}"
EndProject
Project("{FAE04EC0-301F-11D3-BF4B-00C04F79EFBC}") = "06.ExtractEmails", "06.ExtractEmails\06.ExtractEmails.csproj", "{ED4E4C5A-3464-4F07-95B0-A0F574617E98}"
EndProject
Global
	GlobalSection(SolutionConfigurationPlatforms) = preSolution
		Debug|Any CPU = Debug|Any CPU
		Release|Any CPU = Release|Any CPU
	EndGlobalSection
	GlobalSection(ProjectConfigurationPlatforms) = postSolution
		{D4C3668F-DD3A-454D-884D-B996C7186824}.Debug|Any CPU.ActiveCfg = Debug|Any CPU
		{D4C3668F-DD3A-454D-884D-B996C7186824}.Debug|Any CPU.Build.0 = Debug|Any CPU
		{D4C3668F-DD3A-454D-884D-B996C7186824}.Release|Any CPU.ActiveCfg = Release|Any CPU
		{D4C3668F-DD3A-454D-884D-B996C7186824}.Release|Any CPU.Build.0 = Release|Any CPU
		{E105B828-EB9C-4D2D-8215-99FFA25C2FA8}.Debug|Any CPU.ActiveCfg = Debug|Any CPU
		{E105B828-EB9C-4D2D-8215-99FFA25C2FA8}.Debug|Any CPU.Build.0 = Debug|Any CPU
		{E105B828-EB9C-4D2D-8215-99FFA25C2FA8}.Release|Any CPU.ActiveCfg = Release|Any CPU
		{E105B828-EB9C-4D2D-8215-99FFA25C2FA8}.Release|Any CPU.Build.0 = Release|Any CPU
		{8B0C8085-F598-4B46-A6E1-F0AAB5BB3D0B}.Debug|Any CPU.ActiveCfg = Debug|Any CPU
		{8B0C8085-F598-4B46-A6E1-F0AAB5BB3D0B}.Debug|Any CPU.Build.0 = Debug|Any CPU
		{8B0C8085-F598-4B46-A6E1-F0AAB5BB3D0B}.Release|Any CPU.ActiveCfg = Release|Any CPU
		{8B0C8085-F598-4B46-A6E1-F0AAB5BB3D0B}.Release|Any CPU.Build.0 = Release|Any CPU
		{DE8A39C5-2C83-4F9F-A784-7BB861589C88}.Debug|Any CPU.ActiveCfg = Debug|Any CPU
		{DE8A39C5-2C83-4F9F-A784-7BB861589C88}.Debug|Any CPU.Build.0 = Debug|Any CPU
		{DE8A39C5-2C83-4F9F-A784-7BB861589C88}.Release|Any CPU.ActiveCfg = Release|Any CPU
		{DE8A39C5-2C83-4F9F-A784-7BB861589C88}.Release|Any CPU.Build.0 = Release|Any CPU
		{B1A67643-63A5-4557-BD94-EE23CAA5E86F}.Debug|Any CPU.ActiveCfg = Debug|Any CPU
		{B1A67643-63A5-4557-BD94-EE23CAA5E86F}.Debug|Any CPU.Build.0 = Debug|Any CPU
		{B1A67643-63A5-4557-BD94-EE23CAA5E86F}.Release|Any CPU.ActiveCfg = Release|Any CPU
		{B1A67643-63A5-4557-BD94-EE23CAA5E86F}.Release|Any CPU.Build.0 = Release|Any CPU
		{ED4E4C5A-3464-4F07-95B0-A0F574617E98}.Debug|Any CPU.ActiveCfg = Debug|Any CPU
		{ED4E4C5A-3464-4F07-95B0-A0F574617E98}.Debug|Any CPU.Build.0 = Debug|Any CPU
		{ED4E4C5A-3464-4F07-95B0-A0F574617E98}.Release|Any CPU.ActiveCfg = Release|Any CPU
		{ED4E4C5A-3464-4F07-95B0-A0F574617E98}.Release|Any CPU.Build.0 = Release|Any CPU
	EndGlobalSection
	GlobalSection(SolutionProperties) = preSolution
		HideSolutionNode = FALSE
	EndGlobalSection
	GlobalSection(ExtensibilityGlobals) = postSolution
		SolutionGuid = {F0A0F8A7-CA04-4325-97CC-D37D7C5058A9}
	EndGlobalSection
EndGlobal
