
Microsoft Visual Studio Solution File, Format Version 12.00
# Visual Studio Version 16
VisualStudioVersion = 16.0.30413.136
MinimumVisualStudioVersion = 10.0.40219.1
Project("{9A19103F-16F7-4668-BE54-9A1E7A4F7556}") = "01.BasicStackOperations", "01.BasicStackOperations\01.BasicStackOperations.csproj", "{284806A9-F16E-44E8-A3BA-0C641BA213C8}"
EndProject
Project("{9A19103F-16F7-4668-BE54-9A1E7A4F7556}") = "02.BasicQueueOperations", "02.BasicQueueOperations\02.BasicQueueOperations.csproj", "{5EF1C87A-199C-4B3E-98D2-DC74ACFD3676}"
EndProject
Project("{9A19103F-16F7-4668-BE54-9A1E7A4F7556}") = "03.MaximumAndMinimumElement", "03.MaximumAndMinimumElement\03.MaximumAndMinimumElement.csproj", "{A140B452-CF8E-49A5-8572-3F32EFC2CD49}"
EndProject
Project("{9A19103F-16F7-4668-BE54-9A1E7A4F7556}") = "04.FastFood", "04.FastFood\04.FastFood.csproj", "{4CAC340B-83FC-499B-BDB1-BE000DD9FC33}"
EndProject
Project("{9A19103F-16F7-4668-BE54-9A1E7A4F7556}") = "05.FashionBoutique", "05.FashionBoutique\05.FashionBoutique.csproj", "{F4ABC701-A5EB-4B52-8102-164392E378F6}"
EndProject
Project("{9A19103F-16F7-4668-BE54-9A1E7A4F7556}") = "06.SongsQueue", "06.SongsQueue\06.SongsQueue.csproj", "{AB4CC4DE-BAC7-4949-B805-D2FB6D973AD0}"
EndProject
Project("{9A19103F-16F7-4668-BE54-9A1E7A4F7556}") = "07.TruckTour", "07.TruckTour\07.TruckTour.csproj", "{4136D394-C081-49C7-A628-70F3935463B5}"
EndProject
Project("{9A19103F-16F7-4668-BE54-9A1E7A4F7556}") = "08.BalancedParenthesisWorking", "08.BalancedParenthesisorking\08.BalancedParenthesisWorking.csproj", "{CFE1E189-1FCE-489C-84D0-540F5350A454}"
EndProject
Project("{9A19103F-16F7-4668-BE54-9A1E7A4F7556}") = "09.SimpleTextEditor", "09.SimpleTextEditor\09.SimpleTextEditor.csproj", "{EA93C68F-D67D-4AE9-ACA8-30114D95AF77}"
EndProject
Project("{9A19103F-16F7-4668-BE54-9A1E7A4F7556}") = "09.SimpleTextEditorWorking", "09.SimpleTextEditorWorking\09.SimpleTextEditorWorking.csproj", "{7CC74ACB-DA7F-4043-8CBC-D933F8844B1B}"
EndProject
Project("{9A19103F-16F7-4668-BE54-9A1E7A4F7556}") = "10.Crossroads", "10.Crossroads\10.Crossroads.csproj", "{5D68DC91-AAB6-4D00-9756-4A353BC6C5F9}"
EndProject
Project("{FAE04EC0-301F-11D3-BF4B-00C04F79EFBC}") = "11.KeyRevolver", "11.KeyRevolver\11.KeyRevolver.csproj", "{A6B2D7C1-0323-4594-88A3-B9210CC01F3C}"
EndProject
Global
	GlobalSection(SolutionConfigurationPlatforms) = preSolution
		Debug|Any CPU = Debug|Any CPU
		Release|Any CPU = Release|Any CPU
	EndGlobalSection
	GlobalSection(ProjectConfigurationPlatforms) = postSolution
		{284806A9-F16E-44E8-A3BA-0C641BA213C8}.Debug|Any CPU.ActiveCfg = Debug|Any CPU
		{284806A9-F16E-44E8-A3BA-0C641BA213C8}.Debug|Any CPU.Build.0 = Debug|Any CPU
		{284806A9-F16E-44E8-A3BA-0C641BA213C8}.Release|Any CPU.ActiveCfg = Release|Any CPU
		{284806A9-F16E-44E8-A3BA-0C641BA213C8}.Release|Any CPU.Build.0 = Release|Any CPU
		{5EF1C87A-199C-4B3E-98D2-DC74ACFD3676}.Debug|Any CPU.ActiveCfg = Debug|Any CPU
		{5EF1C87A-199C-4B3E-98D2-DC74ACFD3676}.Debug|Any CPU.Build.0 = Debug|Any CPU
		{5EF1C87A-199C-4B3E-98D2-DC74ACFD3676}.Release|Any CPU.ActiveCfg = Release|Any CPU
		{5EF1C87A-199C-4B3E-98D2-DC74ACFD3676}.Release|Any CPU.Build.0 = Release|Any CPU
		{A140B452-CF8E-49A5-8572-3F32EFC2CD49}.Debug|Any CPU.ActiveCfg = Debug|Any CPU
		{A140B452-CF8E-49A5-8572-3F32EFC2CD49}.Debug|Any CPU.Build.0 = Debug|Any CPU
		{A140B452-CF8E-49A5-8572-3F32EFC2CD49}.Release|Any CPU.ActiveCfg = Release|Any CPU
		{A140B452-CF8E-49A5-8572-3F32EFC2CD49}.Release|Any CPU.Build.0 = Release|Any CPU
		{4CAC340B-83FC-499B-BDB1-BE000DD9FC33}.Debug|Any CPU.ActiveCfg = Debug|Any CPU
		{4CAC340B-83FC-499B-BDB1-BE000DD9FC33}.Debug|Any CPU.Build.0 = Debug|Any CPU
		{4CAC340B-83FC-499B-BDB1-BE000DD9FC33}.Release|Any CPU.ActiveCfg = Release|Any CPU
		{4CAC340B-83FC-499B-BDB1-BE000DD9FC33}.Release|Any CPU.Build.0 = Release|Any CPU
		{F4ABC701-A5EB-4B52-8102-164392E378F6}.Debug|Any CPU.ActiveCfg = Debug|Any CPU
		{F4ABC701-A5EB-4B52-8102-164392E378F6}.Debug|Any CPU.Build.0 = Debug|Any CPU
		{F4ABC701-A5EB-4B52-8102-164392E378F6}.Release|Any CPU.ActiveCfg = Release|Any CPU
		{F4ABC701-A5EB-4B52-8102-164392E378F6}.Release|Any CPU.Build.0 = Release|Any CPU
		{AB4CC4DE-BAC7-4949-B805-D2FB6D973AD0}.Debug|Any CPU.ActiveCfg = Debug|Any CPU
		{AB4CC4DE-BAC7-4949-B805-D2FB6D973AD0}.Debug|Any CPU.Build.0 = Debug|Any CPU
		{AB4CC4DE-BAC7-4949-B805-D2FB6D973AD0}.Release|Any CPU.ActiveCfg = Release|Any CPU
		{AB4CC4DE-BAC7-4949-B805-D2FB6D973AD0}.Release|Any CPU.Build.0 = Release|Any CPU
		{4136D394-C081-49C7-A628-70F3935463B5}.Debug|Any CPU.ActiveCfg = Debug|Any CPU
		{4136D394-C081-49C7-A628-70F3935463B5}.Debug|Any CPU.Build.0 = Debug|Any CPU
		{4136D394-C081-49C7-A628-70F3935463B5}.Release|Any CPU.ActiveCfg = Release|Any CPU
		{4136D394-C081-49C7-A628-70F3935463B5}.Release|Any CPU.Build.0 = Release|Any CPU
		{CFE1E189-1FCE-489C-84D0-540F5350A454}.Debug|Any CPU.ActiveCfg = Debug|Any CPU
		{CFE1E189-1FCE-489C-84D0-540F5350A454}.Debug|Any CPU.Build.0 = Debug|Any CPU
		{CFE1E189-1FCE-489C-84D0-540F5350A454}.Release|Any CPU.ActiveCfg = Release|Any CPU
		{CFE1E189-1FCE-489C-84D0-540F5350A454}.Release|Any CPU.Build.0 = Release|Any CPU
		{EA93C68F-D67D-4AE9-ACA8-30114D95AF77}.Debug|Any CPU.ActiveCfg = Debug|Any CPU
		{EA93C68F-D67D-4AE9-ACA8-30114D95AF77}.Debug|Any CPU.Build.0 = Debug|Any CPU
		{EA93C68F-D67D-4AE9-ACA8-30114D95AF77}.Release|Any CPU.ActiveCfg = Release|Any CPU
		{EA93C68F-D67D-4AE9-ACA8-30114D95AF77}.Release|Any CPU.Build.0 = Release|Any CPU
		{7CC74ACB-DA7F-4043-8CBC-D933F8844B1B}.Debug|Any CPU.ActiveCfg = Debug|Any CPU
		{7CC74ACB-DA7F-4043-8CBC-D933F8844B1B}.Debug|Any CPU.Build.0 = Debug|Any CPU
		{7CC74ACB-DA7F-4043-8CBC-D933F8844B1B}.Release|Any CPU.ActiveCfg = Release|Any CPU
		{7CC74ACB-DA7F-4043-8CBC-D933F8844B1B}.Release|Any CPU.Build.0 = Release|Any CPU
		{5D68DC91-AAB6-4D00-9756-4A353BC6C5F9}.Debug|Any CPU.ActiveCfg = Debug|Any CPU
		{5D68DC91-AAB6-4D00-9756-4A353BC6C5F9}.Debug|Any CPU.Build.0 = Debug|Any CPU
		{5D68DC91-AAB6-4D00-9756-4A353BC6C5F9}.Release|Any CPU.ActiveCfg = Release|Any CPU
		{5D68DC91-AAB6-4D00-9756-4A353BC6C5F9}.Release|Any CPU.Build.0 = Release|Any CPU
		{A6B2D7C1-0323-4594-88A3-B9210CC01F3C}.Debug|Any CPU.ActiveCfg = Debug|Any CPU
		{A6B2D7C1-0323-4594-88A3-B9210CC01F3C}.Debug|Any CPU.Build.0 = Debug|Any CPU
		{A6B2D7C1-0323-4594-88A3-B9210CC01F3C}.Release|Any CPU.ActiveCfg = Release|Any CPU
		{A6B2D7C1-0323-4594-88A3-B9210CC01F3C}.Release|Any CPU.Build.0 = Release|Any CPU
	EndGlobalSection
	GlobalSection(SolutionProperties) = preSolution
		HideSolutionNode = FALSE
	EndGlobalSection
	GlobalSection(ExtensibilityGlobals) = postSolution
		SolutionGuid = {DA83D8C0-9F8E-463B-A0C5-BAD16591B8A9}
	EndGlobalSection
EndGlobal
