
Microsoft Visual Studio Solution File, Format Version 12.00
# Visual Studio Version 16
VisualStudioVersion = 16.0.30804.86
MinimumVisualStudioVersion = 10.0.40219.1
Project("{9A19103F-16F7-4668-BE54-9A1E7A4F7556}") = "MusicHub", "F:\2021 02 Entity Framework Core\2021 02 15 Materials\2021 02\05. MusicHub Database_Skeleton\MusicHub\MusicHub.csproj", "{197B4519-9D4E-41E4-AD98-9A34B771DE17}"
EndProject
Global
	GlobalSection(SolutionConfigurationPlatforms) = preSolution
		Debug|Any CPU = Debug|Any CPU
		Release|Any CPU = Release|Any CPU
	EndGlobalSection
	GlobalSection(ProjectConfigurationPlatforms) = postSolution
		{197B4519-9D4E-41E4-AD98-9A34B771DE17}.Debug|Any CPU.ActiveCfg = Debug|Any CPU
		{197B4519-9D4E-41E4-AD98-9A34B771DE17}.Debug|Any CPU.Build.0 = Debug|Any CPU
		{197B4519-9D4E-41E4-AD98-9A34B771DE17}.Release|Any CPU.ActiveCfg = Release|Any CPU
		{197B4519-9D4E-41E4-AD98-9A34B771DE17}.Release|Any CPU.Build.0 = Release|Any CPU
	EndGlobalSection
	GlobalSection(SolutionProperties) = preSolution
		HideSolutionNode = FALSE
	EndGlobalSection
	GlobalSection(ExtensibilityGlobals) = postSolution
		SolutionGuid = {82167636-D45E-4D2F-B1F8-68688560AF63}
	EndGlobalSection
EndGlobal
