
Microsoft Visual Studio Solution File, Format Version 12.00
# Visual Studio Version 16
VisualStudioVersion = 16.0.30413.136
MinimumVisualStudioVersion = 10.0.40219.1
Project("{FAE04EC0-301F-11D3-BF4B-00C04F79EFBC}") = "01.SingleInheritance", "01.SingleInheritance\01.SingleInheritance.csproj", "{FCB6AC0F-5745-434A-9439-872F83805815}"
EndProject
Project("{FAE04EC0-301F-11D3-BF4B-00C04F79EFBC}") = "02.MultipleInheritance", "02.MultipleInheritance\02.MultipleInheritance.csproj", "{62C7AE14-D9E9-4C0F-BE43-02B5F0FAA895}"
EndProject
Project("{FAE04EC0-301F-11D3-BF4B-00C04F79EFBC}") = "03.HierarchicalInheritance", "03.HierarchicalInheritance\03.HierarchicalInheritance.csproj", "{CE3E2445-15BF-4ED2-BB7A-8B014B59CB48}"
EndProject
Project("{FAE04EC0-301F-11D3-BF4B-00C04F79EFBC}") = "04.RandomList", "04.RandomList\04.RandomList.csproj", "{F8D27C6D-C05D-40DD-A38A-CFE001F12BE1}"
EndProject
Project("{FAE04EC0-301F-11D3-BF4B-00C04F79EFBC}") = "05.StackOfStrings", "05.StackOfStrings\05.StackOfStrings.csproj", "{A6B856A6-0289-460C-8BD8-91DDBE5FC045}"
EndProject
Global
	GlobalSection(SolutionConfigurationPlatforms) = preSolution
		Debug|Any CPU = Debug|Any CPU
		Release|Any CPU = Release|Any CPU
	EndGlobalSection
	GlobalSection(ProjectConfigurationPlatforms) = postSolution
		{FCB6AC0F-5745-434A-9439-872F83805815}.Debug|Any CPU.ActiveCfg = Debug|Any CPU
		{FCB6AC0F-5745-434A-9439-872F83805815}.Debug|Any CPU.Build.0 = Debug|Any CPU
		{FCB6AC0F-5745-434A-9439-872F83805815}.Release|Any CPU.ActiveCfg = Release|Any CPU
		{FCB6AC0F-5745-434A-9439-872F83805815}.Release|Any CPU.Build.0 = Release|Any CPU
		{62C7AE14-D9E9-4C0F-BE43-02B5F0FAA895}.Debug|Any CPU.ActiveCfg = Debug|Any CPU
		{62C7AE14-D9E9-4C0F-BE43-02B5F0FAA895}.Debug|Any CPU.Build.0 = Debug|Any CPU
		{62C7AE14-D9E9-4C0F-BE43-02B5F0FAA895}.Release|Any CPU.ActiveCfg = Release|Any CPU
		{62C7AE14-D9E9-4C0F-BE43-02B5F0FAA895}.Release|Any CPU.Build.0 = Release|Any CPU
		{CE3E2445-15BF-4ED2-BB7A-8B014B59CB48}.Debug|Any CPU.ActiveCfg = Debug|Any CPU
		{CE3E2445-15BF-4ED2-BB7A-8B014B59CB48}.Debug|Any CPU.Build.0 = Debug|Any CPU
		{CE3E2445-15BF-4ED2-BB7A-8B014B59CB48}.Release|Any CPU.ActiveCfg = Release|Any CPU
		{CE3E2445-15BF-4ED2-BB7A-8B014B59CB48}.Release|Any CPU.Build.0 = Release|Any CPU
		{F8D27C6D-C05D-40DD-A38A-CFE001F12BE1}.Debug|Any CPU.ActiveCfg = Debug|Any CPU
		{F8D27C6D-C05D-40DD-A38A-CFE001F12BE1}.Debug|Any CPU.Build.0 = Debug|Any CPU
		{F8D27C6D-C05D-40DD-A38A-CFE001F12BE1}.Release|Any CPU.ActiveCfg = Release|Any CPU
		{F8D27C6D-C05D-40DD-A38A-CFE001F12BE1}.Release|Any CPU.Build.0 = Release|Any CPU
		{A6B856A6-0289-460C-8BD8-91DDBE5FC045}.Debug|Any CPU.ActiveCfg = Debug|Any CPU
		{A6B856A6-0289-460C-8BD8-91DDBE5FC045}.Debug|Any CPU.Build.0 = Debug|Any CPU
		{A6B856A6-0289-460C-8BD8-91DDBE5FC045}.Release|Any CPU.ActiveCfg = Release|Any CPU
		{A6B856A6-0289-460C-8BD8-91DDBE5FC045}.Release|Any CPU.Build.0 = Release|Any CPU
	EndGlobalSection
	GlobalSection(SolutionProperties) = preSolution
		HideSolutionNode = FALSE
	EndGlobalSection
	GlobalSection(ExtensibilityGlobals) = postSolution
		SolutionGuid = {03F4023B-61B6-482E-8245-F9A72FEDBBDB}
	EndGlobalSection
EndGlobal
