
Microsoft Visual Studio Solution File, Format Version 12.00
# Visual Studio Version 16
VisualStudioVersion = 16.0.30717.126
MinimumVisualStudioVersion = 10.0.40219.1
Project("{FAE04EC0-301F-11D3-BF4B-00C04F79EFBC}") = "01.Vehicles", "01.Vehicles\01.Vehicles.csproj", "{CAEC0A0A-7F37-4BD6-88C3-1F00F61295C5}"
EndProject
Global
	GlobalSection(SolutionConfigurationPlatforms) = preSolution
		Debug|Any CPU = Debug|Any CPU
		Release|Any CPU = Release|Any CPU
	EndGlobalSection
	GlobalSection(ProjectConfigurationPlatforms) = postSolution
		{CAEC0A0A-7F37-4BD6-88C3-1F00F61295C5}.Debug|Any CPU.ActiveCfg = Debug|Any CPU
		{CAEC0A0A-7F37-4BD6-88C3-1F00F61295C5}.Debug|Any CPU.Build.0 = Debug|Any CPU
		{CAEC0A0A-7F37-4BD6-88C3-1F00F61295C5}.Release|Any CPU.ActiveCfg = Release|Any CPU
		{CAEC0A0A-7F37-4BD6-88C3-1F00F61295C5}.Release|Any CPU.Build.0 = Release|Any CPU
	EndGlobalSection
	GlobalSection(SolutionProperties) = preSolution
		HideSolutionNode = FALSE
	EndGlobalSection
	GlobalSection(ExtensibilityGlobals) = postSolution
		SolutionGuid = {AD205565-454A-49AA-80A2-328F5DEDD5AE}
	EndGlobalSection
EndGlobal
