
Microsoft Visual Studio Solution File, Format Version 12.00
# Visual Studio Version 16
VisualStudioVersion = 16.0.30413.136
MinimumVisualStudioVersion = 10.0.40219.1
Project("{9A19103F-16F7-4668-BE54-9A1E7A4F7556}") = "1.ReverseStrings", "WorkingProject\1.ReverseStrings.csproj", "{8A7A6EF2-EC07-41EF-A7BB-990FDD655808}"
EndProject
Project("{9A19103F-16F7-4668-BE54-9A1E7A4F7556}") = "2.StackSum", "2.StackSum\2.StackSum.csproj", "{DE5C47C8-9DC5-4CEF-8C52-B949E72A6C2A}"
EndProject
Project("{9A19103F-16F7-4668-BE54-9A1E7A4F7556}") = "3.SimpleCalculator", "3.SimpleCalculator\3.SimpleCalculator.csproj", "{E6B4A38A-6ACA-4B07-8FF2-8C5AA52B36EC}"
EndProject
Project("{9A19103F-16F7-4668-BE54-9A1E7A4F7556}") = "4.MatchingBrackets", "4.MatchingBrackets\4.MatchingBrackets.csproj", "{FCB91E06-4554-4EE1-9164-D87051CE3BD8}"
EndProject
Project("{9A19103F-16F7-4668-BE54-9A1E7A4F7556}") = "7.HotPotato", "7.HotPotato\7.HotPotato.csproj", "{892D0352-3AA2-4B88-B9A4-A278F8346ABB}"
EndProject
Project("{9A19103F-16F7-4668-BE54-9A1E7A4F7556}") = "8.TrafficJam", "8.TrafficJam\8.TrafficJam.csproj", "{BFBFAE8B-6948-49B1-8FE5-32D4AD14248F}"
EndProject
Project("{9A19103F-16F7-4668-BE54-9A1E7A4F7556}") = "5.PrintEvenNumbers", "5.PrintEvenNumbers\5.PrintEvenNumbers.csproj", "{90BB4FFE-B448-4BAA-876A-F6CCB3587B10}"
EndProject
Project("{FAE04EC0-301F-11D3-BF4B-00C04F79EFBC}") = "6.Supermarket", "6.Supermarket\6.Supermarket.csproj", "{9C57209A-C945-4B47-A39C-45A18AEB7D3A}"
EndProject
Global
	GlobalSection(SolutionConfigurationPlatforms) = preSolution
		Debug|Any CPU = Debug|Any CPU
		Release|Any CPU = Release|Any CPU
	EndGlobalSection
	GlobalSection(ProjectConfigurationPlatforms) = postSolution
		{8A7A6EF2-EC07-41EF-A7BB-990FDD655808}.Debug|Any CPU.ActiveCfg = Debug|Any CPU
		{8A7A6EF2-EC07-41EF-A7BB-990FDD655808}.Debug|Any CPU.Build.0 = Debug|Any CPU
		{8A7A6EF2-EC07-41EF-A7BB-990FDD655808}.Release|Any CPU.ActiveCfg = Release|Any CPU
		{8A7A6EF2-EC07-41EF-A7BB-990FDD655808}.Release|Any CPU.Build.0 = Release|Any CPU
		{DE5C47C8-9DC5-4CEF-8C52-B949E72A6C2A}.Debug|Any CPU.ActiveCfg = Debug|Any CPU
		{DE5C47C8-9DC5-4CEF-8C52-B949E72A6C2A}.Debug|Any CPU.Build.0 = Debug|Any CPU
		{DE5C47C8-9DC5-4CEF-8C52-B949E72A6C2A}.Release|Any CPU.ActiveCfg = Release|Any CPU
		{DE5C47C8-9DC5-4CEF-8C52-B949E72A6C2A}.Release|Any CPU.Build.0 = Release|Any CPU
		{E6B4A38A-6ACA-4B07-8FF2-8C5AA52B36EC}.Debug|Any CPU.ActiveCfg = Debug|Any CPU
		{E6B4A38A-6ACA-4B07-8FF2-8C5AA52B36EC}.Debug|Any CPU.Build.0 = Debug|Any CPU
		{E6B4A38A-6ACA-4B07-8FF2-8C5AA52B36EC}.Release|Any CPU.ActiveCfg = Release|Any CPU
		{E6B4A38A-6ACA-4B07-8FF2-8C5AA52B36EC}.Release|Any CPU.Build.0 = Release|Any CPU
		{FCB91E06-4554-4EE1-9164-D87051CE3BD8}.Debug|Any CPU.ActiveCfg = Debug|Any CPU
		{FCB91E06-4554-4EE1-9164-D87051CE3BD8}.Debug|Any CPU.Build.0 = Debug|Any CPU
		{FCB91E06-4554-4EE1-9164-D87051CE3BD8}.Release|Any CPU.ActiveCfg = Release|Any CPU
		{FCB91E06-4554-4EE1-9164-D87051CE3BD8}.Release|Any CPU.Build.0 = Release|Any CPU
		{892D0352-3AA2-4B88-B9A4-A278F8346ABB}.Debug|Any CPU.ActiveCfg = Debug|Any CPU
		{892D0352-3AA2-4B88-B9A4-A278F8346ABB}.Debug|Any CPU.Build.0 = Debug|Any CPU
		{892D0352-3AA2-4B88-B9A4-A278F8346ABB}.Release|Any CPU.ActiveCfg = Release|Any CPU
		{892D0352-3AA2-4B88-B9A4-A278F8346ABB}.Release|Any CPU.Build.0 = Release|Any CPU
		{BFBFAE8B-6948-49B1-8FE5-32D4AD14248F}.Debug|Any CPU.ActiveCfg = Debug|Any CPU
		{BFBFAE8B-6948-49B1-8FE5-32D4AD14248F}.Debug|Any CPU.Build.0 = Debug|Any CPU
		{BFBFAE8B-6948-49B1-8FE5-32D4AD14248F}.Release|Any CPU.ActiveCfg = Release|Any CPU
		{BFBFAE8B-6948-49B1-8FE5-32D4AD14248F}.Release|Any CPU.Build.0 = Release|Any CPU
		{90BB4FFE-B448-4BAA-876A-F6CCB3587B10}.Debug|Any CPU.ActiveCfg = Debug|Any CPU
		{90BB4FFE-B448-4BAA-876A-F6CCB3587B10}.Debug|Any CPU.Build.0 = Debug|Any CPU
		{90BB4FFE-B448-4BAA-876A-F6CCB3587B10}.Release|Any CPU.ActiveCfg = Release|Any CPU
		{90BB4FFE-B448-4BAA-876A-F6CCB3587B10}.Release|Any CPU.Build.0 = Release|Any CPU
		{9C57209A-C945-4B47-A39C-45A18AEB7D3A}.Debug|Any CPU.ActiveCfg = Debug|Any CPU
		{9C57209A-C945-4B47-A39C-45A18AEB7D3A}.Debug|Any CPU.Build.0 = Debug|Any CPU
		{9C57209A-C945-4B47-A39C-45A18AEB7D3A}.Release|Any CPU.ActiveCfg = Release|Any CPU
		{9C57209A-C945-4B47-A39C-45A18AEB7D3A}.Release|Any CPU.Build.0 = Release|Any CPU
	EndGlobalSection
	GlobalSection(SolutionProperties) = preSolution
		HideSolutionNode = FALSE
	EndGlobalSection
	GlobalSection(ExtensibilityGlobals) = postSolution
		SolutionGuid = {D1017403-E7E7-47A0-8A74-C9EC5B66FAD8}
	EndGlobalSection
EndGlobal
